// !$*UTF8*$!
{
	archiveVersion = 1;
	classes = {
	};
	objectVersion = 46;
	objects = {

/* Begin PBXBuildFile section */
		5258B45F8963D61B80F7E1E3 /* libPods-BuDeJie.a in Frameworks */ = {isa = PBXBuildFile; fileRef = 1273E95DCAC1EC991F9D6A9A /* libPods-BuDeJie.a */; };
		8C05AD181D8927A300D1E113 /* BRNavigationController.m in Sources */ = {isa = PBXBuildFile; fileRef = 8C05AD171D8927A300D1E113 /* BRNavigationController.m */; };
		8C05AD1F1D892C7700D1E113 /* BRSettingViewController.m in Sources */ = {isa = PBXBuildFile; fileRef = 8C05AD1E1D892C7700D1E113 /* BRSettingViewController.m */; };
		8C0AA7761D8FB192002CB37C /* BRAdDataModel.m in Sources */ = {isa = PBXBuildFile; fileRef = 8C0AA7751D8FB192002CB37C /* BRAdDataModel.m */; };
		8C36192E1D865A2F005036B2 /* Assets.xcassets in Resources */ = {isa = PBXBuildFile; fileRef = 8C36192D1D865A2F005036B2 /* Assets.xcassets */; };
		8C3619311D865A2F005036B2 /* LaunchScreen.storyboard in Resources */ = {isa = PBXBuildFile; fileRef = 8C36192F1D865A2F005036B2 /* LaunchScreen.storyboard */; };
		8C3649E31D869253006973E5 /* AppDelegate.m in Sources */ = {isa = PBXBuildFile; fileRef = 8C3649DD1D869253006973E5 /* AppDelegate.m */; };
		8C3649E41D869253006973E5 /* main.m in Sources */ = {isa = PBXBuildFile; fileRef = 8C3649DE1D869253006973E5 /* main.m */; };
		8C3649E71D869435006973E5 /* BRBaseViewController.m in Sources */ = {isa = PBXBuildFile; fileRef = 8C3649E61D869435006973E5 /* BRBaseViewController.m */; };
		8C3649EA1D86950E006973E5 /* BREssenceViewController.m in Sources */ = {isa = PBXBuildFile; fileRef = 8C3649E91D86950E006973E5 /* BREssenceViewController.m */; };
		8C3649ED1D869530006973E5 /* BRFriendTrendViewController.m in Sources */ = {isa = PBXBuildFile; fileRef = 8C3649EC1D869530006973E5 /* BRFriendTrendViewController.m */; };
		8C3649F01D869542006973E5 /* BRMeViewController.m in Sources */ = {isa = PBXBuildFile; fileRef = 8C3649EF1D869542006973E5 /* BRMeViewController.m */; };
		8C3649F31D869555006973E5 /* BRNewViewController.m in Sources */ = {isa = PBXBuildFile; fileRef = 8C3649F21D869555006973E5 /* BRNewViewController.m */; };
		8C3649F61D869575006973E5 /* BRPublishViewController.m in Sources */ = {isa = PBXBuildFile; fileRef = 8C3649F51D869575006973E5 /* BRPublishViewController.m */; };
		8C364A011D87E505006973E5 /* BRMainViewController.m in Sources */ = {isa = PBXBuildFile; fileRef = 8C3649FE1D87E505006973E5 /* BRMainViewController.m */; };
		8C364A041D87EC33006973E5 /* BRTabBar.m in Sources */ = {isa = PBXBuildFile; fileRef = 8C364A031D87EC32006973E5 /* BRTabBar.m */; };
		8C364A0B1D881D19006973E5 /* UIView+Extension.m in Sources */ = {isa = PBXBuildFile; fileRef = 8C364A0A1D881D19006973E5 /* UIView+Extension.m */; };
		8C364A131D88EB43006973E5 /* UIBarButtonItem+BRBarButtonItem.m in Sources */ = {isa = PBXBuildFile; fileRef = 8C364A121D88EB43006973E5 /* UIBarButtonItem+BRBarButtonItem.m */; };
		8CE7BAA51D8E77DE00DDED24 /* BRAdViewController.m in Sources */ = {isa = PBXBuildFile; fileRef = 8CE7BAA31D8E77DE00DDED24 /* BRAdViewController.m */; };
		8CE7BAA61D8E77DE00DDED24 /* BRAdViewController.xib in Resources */ = {isa = PBXBuildFile; fileRef = 8CE7BAA41D8E77DE00DDED24 /* BRAdViewController.xib */; };
		8CE7BAC11D8E939D00DDED24 /* LaunchImage-568h@2x.png in Resources */ = {isa = PBXBuildFile; fileRef = 8CE7BABA1D8E939D00DDED24 /* LaunchImage-568h@2x.png */; };
		8CE7BAC21D8E939D00DDED24 /* LaunchImage-700-568h@2x.png in Resources */ = {isa = PBXBuildFile; fileRef = 8CE7BABB1D8E939D00DDED24 /* LaunchImage-700-568h@2x.png */; };
		8CE7BAC31D8E939D00DDED24 /* LaunchImage-700@2x.png in Resources */ = {isa = PBXBuildFile; fileRef = 8CE7BABC1D8E939D00DDED24 /* LaunchImage-700@2x.png */; };
		8CE7BAC41D8E939D00DDED24 /* LaunchImage-800-667h@2x.png in Resources */ = {isa = PBXBuildFile; fileRef = 8CE7BABD1D8E939D00DDED24 /* LaunchImage-800-667h@2x.png */; };
		8CE7BAC51D8E939D00DDED24 /* LaunchImage-800-Portrait-736h@3x.png in Resources */ = {isa = PBXBuildFile; fileRef = 8CE7BABE1D8E939D00DDED24 /* LaunchImage-800-Portrait-736h@3x.png */; };
		8CE7BAC61D8E939D00DDED24 /* LaunchImage.png in Resources */ = {isa = PBXBuildFile; fileRef = 8CE7BABF1D8E939D00DDED24 /* LaunchImage.png */; };
		8CE7BAC71D8E939D00DDED24 /* LaunchImage@2x.png in Resources */ = {isa = PBXBuildFile; fileRef = 8CE7BAC01D8E939D00DDED24 /* LaunchImage@2x.png */; };
		8CE7BACE1D8E93C200DDED24 /* BRGlobalConstants.m in Sources */ = {isa = PBXBuildFile; fileRef = 8CE7BACD1D8E93C200DDED24 /* BRGlobalConstants.m */; };
		8CE7BAD41D8F76F200DDED24 /* BRNetTools.m in Sources */ = {isa = PBXBuildFile; fileRef = 8CE7BAD31D8F76F200DDED24 /* BRNetTools.m */; };
/* End PBXBuildFile section */

/* Begin PBXFileReference section */
		038A195AE6B87508E3E09C67 /* Pods-BuDeJie.debug.xcconfig */ = {isa = PBXFileReference; includeInIndex = 1; lastKnownFileType = text.xcconfig; name = "Pods-BuDeJie.debug.xcconfig"; path = "Pods/Target Support Files/Pods-BuDeJie/Pods-BuDeJie.debug.xcconfig"; sourceTree = "<group>"; };
		1273E95DCAC1EC991F9D6A9A /* libPods-BuDeJie.a */ = {isa = PBXFileReference; explicitFileType = archive.ar; includeInIndex = 0; path = "libPods-BuDeJie.a"; sourceTree = BUILT_PRODUCTS_DIR; };
		34FBB465AC3057868E684703 /* Pods-BuDeJie.release.xcconfig */ = {isa = PBXFileReference; includeInIndex = 1; lastKnownFileType = text.xcconfig; name = "Pods-BuDeJie.release.xcconfig"; path = "Pods/Target Support Files/Pods-BuDeJie/Pods-BuDeJie.release.xcconfig"; sourceTree = "<group>"; };
		8C05AD161D8927A300D1E113 /* BRNavigationController.h */ = {isa = PBXFileReference; fileEncoding = 4; lastKnownFileType = sourcecode.c.h; path = BRNavigationController.h; sourceTree = "<group>"; };
		8C05AD171D8927A300D1E113 /* BRNavigationController.m */ = {isa = PBXFileReference; fileEncoding = 4; lastKnownFileType = sourcecode.c.objc; path = BRNavigationController.m; sourceTree = "<group>"; };
		8C05AD1D1D892C7700D1E113 /* BRSettingViewController.h */ = {isa = PBXFileReference; fileEncoding = 4; lastKnownFileType = sourcecode.c.h; path = BRSettingViewController.h; sourceTree = "<group>"; };
		8C05AD1E1D892C7700D1E113 /* BRSettingViewController.m */ = {isa = PBXFileReference; fileEncoding = 4; lastKnownFileType = sourcecode.c.objc; path = BRSettingViewController.m; sourceTree = "<group>"; };
		8C0AA7741D8FB192002CB37C /* BRAdDataModel.h */ = {isa = PBXFileReference; fileEncoding = 4; lastKnownFileType = sourcecode.c.h; path = BRAdDataModel.h; sourceTree = "<group>"; };
		8C0AA7751D8FB192002CB37C /* BRAdDataModel.m */ = {isa = PBXFileReference; fileEncoding = 4; lastKnownFileType = sourcecode.c.objc; path = BRAdDataModel.m; sourceTree = "<group>"; };
		8C0AA7781D8FB1D0002CB37C /* Advertisement_Header.h */ = {isa = PBXFileReference; lastKnownFileType = sourcecode.c.h; path = Advertisement_Header.h; sourceTree = "<group>"; };
		8C36191E1D865A2F005036B2 /* BuDeJie.app */ = {isa = PBXFileReference; explicitFileType = wrapper.application; includeInIndex = 0; path = BuDeJie.app; sourceTree = BUILT_PRODUCTS_DIR; };
		8C36192D1D865A2F005036B2 /* Assets.xcassets */ = {isa = PBXFileReference; lastKnownFileType = folder.assetcatalog; path = Assets.xcassets; sourceTree = "<group>"; };
		8C3619301D865A2F005036B2 /* Base */ = {isa = PBXFileReference; lastKnownFileType = file.storyboard; name = Base; path = Base.lproj/LaunchScreen.storyboard; sourceTree = "<group>"; };
		8C3619321D865A2F005036B2 /* Info.plist */ = {isa = PBXFileReference; lastKnownFileType = text.plist.xml; path = Info.plist; sourceTree = "<group>"; };
		8C3649DC1D869253006973E5 /* AppDelegate.h */ = {isa = PBXFileReference; fileEncoding = 4; lastKnownFileType = sourcecode.c.h; path = AppDelegate.h; sourceTree = "<group>"; };
		8C3649DD1D869253006973E5 /* AppDelegate.m */ = {isa = PBXFileReference; fileEncoding = 4; lastKnownFileType = sourcecode.c.objc; path = AppDelegate.m; sourceTree = "<group>"; };
		8C3649DE1D869253006973E5 /* main.m */ = {isa = PBXFileReference; fileEncoding = 4; lastKnownFileType = sourcecode.c.objc; name = main.m; path = Classes/Other/main.m; sourceTree = "<group>"; };
		8C3649E51D869435006973E5 /* BRBaseViewController.h */ = {isa = PBXFileReference; fileEncoding = 4; lastKnownFileType = sourcecode.c.h; path = BRBaseViewController.h; sourceTree = "<group>"; };
		8C3649E61D869435006973E5 /* BRBaseViewController.m */ = {isa = PBXFileReference; fileEncoding = 4; lastKnownFileType = sourcecode.c.objc; path = BRBaseViewController.m; sourceTree = "<group>"; };
		8C3649E81D86950E006973E5 /* BREssenceViewController.h */ = {isa = PBXFileReference; fileEncoding = 4; lastKnownFileType = sourcecode.c.h; path = BREssenceViewController.h; sourceTree = "<group>"; };
		8C3649E91D86950E006973E5 /* BREssenceViewController.m */ = {isa = PBXFileReference; fileEncoding = 4; lastKnownFileType = sourcecode.c.objc; path = BREssenceViewController.m; sourceTree = "<group>"; };
		8C3649EB1D869530006973E5 /* BRFriendTrendViewController.h */ = {isa = PBXFileReference; fileEncoding = 4; lastKnownFileType = sourcecode.c.h; path = BRFriendTrendViewController.h; sourceTree = "<group>"; };
		8C3649EC1D869530006973E5 /* BRFriendTrendViewController.m */ = {isa = PBXFileReference; fileEncoding = 4; lastKnownFileType = sourcecode.c.objc; path = BRFriendTrendViewController.m; sourceTree = "<group>"; };
		8C3649EE1D869542006973E5 /* BRMeViewController.h */ = {isa = PBXFileReference; fileEncoding = 4; lastKnownFileType = sourcecode.c.h; path = BRMeViewController.h; sourceTree = "<group>"; };
		8C3649EF1D869542006973E5 /* BRMeViewController.m */ = {isa = PBXFileReference; fileEncoding = 4; lastKnownFileType = sourcecode.c.objc; path = BRMeViewController.m; sourceTree = "<group>"; };
		8C3649F11D869555006973E5 /* BRNewViewController.h */ = {isa = PBXFileReference; fileEncoding = 4; lastKnownFileType = sourcecode.c.h; path = BRNewViewController.h; sourceTree = "<group>"; };
		8C3649F21D869555006973E5 /* BRNewViewController.m */ = {isa = PBXFileReference; fileEncoding = 4; lastKnownFileType = sourcecode.c.objc; path = BRNewViewController.m; sourceTree = "<group>"; };
		8C3649F41D869575006973E5 /* BRPublishViewController.h */ = {isa = PBXFileReference; fileEncoding = 4; lastKnownFileType = sourcecode.c.h; path = BRPublishViewController.h; sourceTree = "<group>"; };
		8C3649F51D869575006973E5 /* BRPublishViewController.m */ = {isa = PBXFileReference; fileEncoding = 4; lastKnownFileType = sourcecode.c.objc; path = BRPublishViewController.m; sourceTree = "<group>"; };
		8C3649FD1D87E505006973E5 /* BRMainViewController.h */ = {isa = PBXFileReference; fileEncoding = 4; lastKnownFileType = sourcecode.c.h; path = BRMainViewController.h; sourceTree = "<group>"; };
		8C3649FE1D87E505006973E5 /* BRMainViewController.m */ = {isa = PBXFileReference; fileEncoding = 4; lastKnownFileType = sourcecode.c.objc; path = BRMainViewController.m; sourceTree = "<group>"; };
		8C364A021D87EC32006973E5 /* BRTabBar.h */ = {isa = PBXFileReference; fileEncoding = 4; lastKnownFileType = sourcecode.c.h; path = BRTabBar.h; sourceTree = "<group>"; };
		8C364A031D87EC32006973E5 /* BRTabBar.m */ = {isa = PBXFileReference; fileEncoding = 4; lastKnownFileType = sourcecode.c.objc; path = BRTabBar.m; sourceTree = "<group>"; };
		8C364A091D881D19006973E5 /* UIView+Extension.h */ = {isa = PBXFileReference; fileEncoding = 4; lastKnownFileType = sourcecode.c.h; path = "UIView+Extension.h"; sourceTree = "<group>"; };
		8C364A0A1D881D19006973E5 /* UIView+Extension.m */ = {isa = PBXFileReference; fileEncoding = 4; lastKnownFileType = sourcecode.c.objc; path = "UIView+Extension.m"; sourceTree = "<group>"; };
		8C364A111D88EB43006973E5 /* UIBarButtonItem+BRBarButtonItem.h */ = {isa = PBXFileReference; fileEncoding = 4; lastKnownFileType = sourcecode.c.h; path = "UIBarButtonItem+BRBarButtonItem.h"; sourceTree = "<group>"; };
		8C364A121D88EB43006973E5 /* UIBarButtonItem+BRBarButtonItem.m */ = {isa = PBXFileReference; fileEncoding = 4; lastKnownFileType = sourcecode.c.objc; path = "UIBarButtonItem+BRBarButtonItem.m"; sourceTree = "<group>"; };
		8CE7BAA21D8E77DE00DDED24 /* BRAdViewController.h */ = {isa = PBXFileReference; fileEncoding = 4; lastKnownFileType = sourcecode.c.h; path = BRAdViewController.h; sourceTree = "<group>"; };
		8CE7BAA31D8E77DE00DDED24 /* BRAdViewController.m */ = {isa = PBXFileReference; fileEncoding = 4; lastKnownFileType = sourcecode.c.objc; path = BRAdViewController.m; sourceTree = "<group>"; };
		8CE7BAA41D8E77DE00DDED24 /* BRAdViewController.xib */ = {isa = PBXFileReference; fileEncoding = 4; lastKnownFileType = file.xib; path = BRAdViewController.xib; sourceTree = "<group>"; };
		8CE7BABA1D8E939D00DDED24 /* LaunchImage-568h@2x.png */ = {isa = PBXFileReference; lastKnownFileType = image.png; path = "LaunchImage-568h@2x.png"; sourceTree = "<group>"; };
		8CE7BABB1D8E939D00DDED24 /* LaunchImage-700-568h@2x.png */ = {isa = PBXFileReference; lastKnownFileType = image.png; path = "LaunchImage-700-568h@2x.png"; sourceTree = "<group>"; };
		8CE7BABC1D8E939D00DDED24 /* LaunchImage-700@2x.png */ = {isa = PBXFileReference; lastKnownFileType = image.png; path = "LaunchImage-700@2x.png"; sourceTree = "<group>"; };
		8CE7BABD1D8E939D00DDED24 /* LaunchImage-800-667h@2x.png */ = {isa = PBXFileReference; lastKnownFileType = image.png; path = "LaunchImage-800-667h@2x.png"; sourceTree = "<group>"; };
		8CE7BABE1D8E939D00DDED24 /* LaunchImage-800-Portrait-736h@3x.png */ = {isa = PBXFileReference; lastKnownFileType = image.png; path = "LaunchImage-800-Portrait-736h@3x.png"; sourceTree = "<group>"; };
		8CE7BABF1D8E939D00DDED24 /* LaunchImage.png */ = {isa = PBXFileReference; lastKnownFileType = image.png; path = LaunchImage.png; sourceTree = "<group>"; };
		8CE7BAC01D8E939D00DDED24 /* LaunchImage@2x.png */ = {isa = PBXFileReference; lastKnownFileType = image.png; path = "LaunchImage@2x.png"; sourceTree = "<group>"; };
		8CE7BAC91D8E93C200DDED24 /* BuDeJie.pch */ = {isa = PBXFileReference; fileEncoding = 4; lastKnownFileType = sourcecode.c.h; path = BuDeJie.pch; sourceTree = "<group>"; };
		8CE7BACA1D8E93C200DDED24 /* BuDeJie_Header.h */ = {isa = PBXFileReference; fileEncoding = 4; lastKnownFileType = sourcecode.c.h; path = BuDeJie_Header.h; sourceTree = "<group>"; };
		8CE7BACC1D8E93C200DDED24 /* BRGlobalConstants.h */ = {isa = PBXFileReference; fileEncoding = 4; lastKnownFileType = sourcecode.c.h; path = BRGlobalConstants.h; sourceTree = "<group>"; };
		8CE7BACD1D8E93C200DDED24 /* BRGlobalConstants.m */ = {isa = PBXFileReference; fileEncoding = 4; lastKnownFileType = sourcecode.c.objc; path = BRGlobalConstants.m; sourceTree = "<group>"; };
		8CE7BAD21D8F76F200DDED24 /* BRNetTools.h */ = {isa = PBXFileReference; fileEncoding = 4; lastKnownFileType = sourcecode.c.h; path = BRNetTools.h; sourceTree = "<group>"; };
		8CE7BAD31D8F76F200DDED24 /* BRNetTools.m */ = {isa = PBXFileReference; fileEncoding = 4; lastKnownFileType = sourcecode.c.objc; path = BRNetTools.m; sourceTree = "<group>"; };
/* End PBXFileReference section */

/* Begin PBXFrameworksBuildPhase section */
		8C36191B1D865A2F005036B2 /* Frameworks */ = {
			isa = PBXFrameworksBuildPhase;
			buildActionMask = 2147483647;
			files = (
				5258B45F8963D61B80F7E1E3 /* libPods-BuDeJie.a in Frameworks */,
			);
			runOnlyForDeploymentPostprocessing = 0;
		};
/* End PBXFrameworksBuildPhase section */

/* Begin PBXGroup section */
		14B61C025D82D615E5A3FA5F /* Pods */ = {
			isa = PBXGroup;
			children = (
				038A195AE6B87508E3E09C67 /* Pods-BuDeJie.debug.xcconfig */,
				34FBB465AC3057868E684703 /* Pods-BuDeJie.release.xcconfig */,
			);
			name = Pods;
			sourceTree = "<group>";
		};
		8C05AD191D892C4400D1E113 /* 设置 */ = {
			isa = PBXGroup;
			children = (
				8C05AD1A1D892C4400D1E113 /* Controller */,
				8C05AD1B1D892C4400D1E113 /* Model */,
				8C05AD1C1D892C4400D1E113 /* View */,
			);
			path = "设置";
			sourceTree = "<group>";
		};
		8C05AD1A1D892C4400D1E113 /* Controller */ = {
			isa = PBXGroup;
			children = (
				8C05AD1D1D892C7700D1E113 /* BRSettingViewController.h */,
				8C05AD1E1D892C7700D1E113 /* BRSettingViewController.m */,
			);
			path = Controller;
			sourceTree = "<group>";
		};
		8C05AD1B1D892C4400D1E113 /* Model */ = {
			isa = PBXGroup;
			children = (
			);
			path = Model;
			sourceTree = "<group>";
		};
		8C05AD1C1D892C4400D1E113 /* View */ = {
			isa = PBXGroup;
			children = (
			);
			path = View;
			sourceTree = "<group>";
		};
		8C0AA7771D8FB1B2002CB37C /* header */ = {
			isa = PBXGroup;
			children = (
				8C0AA7781D8FB1D0002CB37C /* Advertisement_Header.h */,
			);
			path = header;
			sourceTree = "<group>";
		};
		8C3619151D865A2F005036B2 = {
			isa = PBXGroup;
			children = (
				8C3619201D865A2F005036B2 /* BuDeJie */,
				8C36191F1D865A2F005036B2 /* Products */,
				14B61C025D82D615E5A3FA5F /* Pods */,
				FF2E39524A0F7FA03A49A7B8 /* Frameworks */,
			);
			sourceTree = "<group>";
		};
		8C36191F1D865A2F005036B2 /* Products */ = {
			isa = PBXGroup;
			children = (
				8C36191E1D865A2F005036B2 /* BuDeJie.app */,
			);
			name = Products;
			sourceTree = "<group>";
		};
		8C3619201D865A2F005036B2 /* BuDeJie */ = {
			isa = PBXGroup;
			children = (
				8C3649CA1D869253006973E5 /* Classes */,
				8C36192D1D865A2F005036B2 /* Assets.xcassets */,
				8C3619321D865A2F005036B2 /* Info.plist */,
				8C3619211D865A2F005036B2 /* Supporting Files */,
			);
			path = BuDeJie;
			sourceTree = "<group>";
		};
		8C3619211D865A2F005036B2 /* Supporting Files */ = {
			isa = PBXGroup;
			children = (
				8CE7BAB81D8E939D00DDED24 /* Resoureces */,
				8CE7BAC81D8E93C200DDED24 /* Header */,
				8C3649DE1D869253006973E5 /* main.m */,
				8C36192F1D865A2F005036B2 /* LaunchScreen.storyboard */,
			);
			name = "Supporting Files";
			sourceTree = "<group>";
		};
		8C3649CA1D869253006973E5 /* Classes */ = {
			isa = PBXGroup;
			children = (
				8CFE44C81D8E776A001A4ECB /* Advertisement(广告) */,
				8C3649FB1D87E505006973E5 /* Main */,
				8C3649CB1D869253006973E5 /* Essence(精华) */,
				8C3649D71D869253006973E5 /* New(新帖) */,
				8C3649DF1D869253006973E5 /* Publish(发布) */,
				8C3649CF1D869253006973E5 /* FriendTrend(关注) */,
				8C3649D31D869253006973E5 /* Me(我) */,
				8C05AD191D892C4400D1E113 /* 设置 */,
				8C3649DB1D869253006973E5 /* Other */,
			);
			path = Classes;
			sourceTree = "<group>";
		};
		8C3649CB1D869253006973E5 /* Essence(精华) */ = {
			isa = PBXGroup;
			children = (
				8C3649CC1D869253006973E5 /* Controller */,
				8C3649CD1D869253006973E5 /* Model */,
				8C3649CE1D869253006973E5 /* View */,
			);
			name = "Essence(精华)";
			path = Essence;
			sourceTree = "<group>";
		};
		8C3649CC1D869253006973E5 /* Controller */ = {
			isa = PBXGroup;
			children = (
				8C3649E81D86950E006973E5 /* BREssenceViewController.h */,
				8C3649E91D86950E006973E5 /* BREssenceViewController.m */,
			);
			path = Controller;
			sourceTree = "<group>";
		};
		8C3649CD1D869253006973E5 /* Model */ = {
			isa = PBXGroup;
			children = (
			);
			path = Model;
			sourceTree = "<group>";
		};
		8C3649CE1D869253006973E5 /* View */ = {
			isa = PBXGroup;
			children = (
			);
			path = View;
			sourceTree = "<group>";
		};
		8C3649CF1D869253006973E5 /* FriendTrend(关注) */ = {
			isa = PBXGroup;
			children = (
				8C3649D01D869253006973E5 /* Controller */,
				8C3649D11D869253006973E5 /* Model */,
				8C3649D21D869253006973E5 /* View */,
			);
			path = "FriendTrend(关注)";
			sourceTree = "<group>";
		};
		8C3649D01D869253006973E5 /* Controller */ = {
			isa = PBXGroup;
			children = (
				8C3649EB1D869530006973E5 /* BRFriendTrendViewController.h */,
				8C3649EC1D869530006973E5 /* BRFriendTrendViewController.m */,
			);
			path = Controller;
			sourceTree = "<group>";
		};
		8C3649D11D869253006973E5 /* Model */ = {
			isa = PBXGroup;
			children = (
			);
			path = Model;
			sourceTree = "<group>";
		};
		8C3649D21D869253006973E5 /* View */ = {
			isa = PBXGroup;
			children = (
			);
			path = View;
			sourceTree = "<group>";
		};
		8C3649D31D869253006973E5 /* Me(我) */ = {
			isa = PBXGroup;
			children = (
				8C3649D41D869253006973E5 /* Controller */,
				8C3649D51D869253006973E5 /* Model */,
				8C3649D61D869253006973E5 /* View */,
			);
			path = "Me(我)";
			sourceTree = "<group>";
		};
		8C3649D41D869253006973E5 /* Controller */ = {
			isa = PBXGroup;
			children = (
				8C3649EE1D869542006973E5 /* BRMeViewController.h */,
				8C3649EF1D869542006973E5 /* BRMeViewController.m */,
			);
			path = Controller;
			sourceTree = "<group>";
		};
		8C3649D51D869253006973E5 /* Model */ = {
			isa = PBXGroup;
			children = (
			);
			path = Model;
			sourceTree = "<group>";
		};
		8C3649D61D869253006973E5 /* View */ = {
			isa = PBXGroup;
			children = (
			);
			path = View;
			sourceTree = "<group>";
		};
		8C3649D71D869253006973E5 /* New(新帖) */ = {
			isa = PBXGroup;
			children = (
				8C3649D81D869253006973E5 /* Controller */,
				8C3649D91D869253006973E5 /* Model */,
				8C3649DA1D869253006973E5 /* View */,
			);
			path = "New(新帖)";
			sourceTree = "<group>";
		};
		8C3649D81D869253006973E5 /* Controller */ = {
			isa = PBXGroup;
			children = (
				8C3649F11D869555006973E5 /* BRNewViewController.h */,
				8C3649F21D869555006973E5 /* BRNewViewController.m */,
			);
			path = Controller;
			sourceTree = "<group>";
		};
		8C3649D91D869253006973E5 /* Model */ = {
			isa = PBXGroup;
			children = (
			);
			path = Model;
			sourceTree = "<group>";
		};
		8C3649DA1D869253006973E5 /* View */ = {
			isa = PBXGroup;
			children = (
			);
			path = View;
			sourceTree = "<group>";
		};
		8C3649DB1D869253006973E5 /* Other */ = {
			isa = PBXGroup;
			children = (
				8C364A071D881C4A006973E5 /* Category */,
				8C364A081D881C57006973E5 /* Tools */,
				8C3649DC1D869253006973E5 /* AppDelegate.h */,
				8C3649DD1D869253006973E5 /* AppDelegate.m */,
				8C3649E51D869435006973E5 /* BRBaseViewController.h */,
				8C3649E61D869435006973E5 /* BRBaseViewController.m */,
			);
			path = Other;
			sourceTree = "<group>";
		};
		8C3649DF1D869253006973E5 /* Publish(发布) */ = {
			isa = PBXGroup;
			children = (
				8C3649E01D869253006973E5 /* Controller */,
				8C3649E11D869253006973E5 /* Model */,
				8C3649E21D869253006973E5 /* View */,
			);
			path = "Publish(发布)";
			sourceTree = "<group>";
		};
		8C3649E01D869253006973E5 /* Controller */ = {
			isa = PBXGroup;
			children = (
				8C3649F41D869575006973E5 /* BRPublishViewController.h */,
				8C3649F51D869575006973E5 /* BRPublishViewController.m */,
			);
			path = Controller;
			sourceTree = "<group>";
		};
		8C3649E11D869253006973E5 /* Model */ = {
			isa = PBXGroup;
			children = (
			);
			path = Model;
			sourceTree = "<group>";
		};
		8C3649E21D869253006973E5 /* View */ = {
			isa = PBXGroup;
			children = (
			);
			path = View;
			sourceTree = "<group>";
		};
		8C3649FB1D87E505006973E5 /* Main */ = {
			isa = PBXGroup;
			children = (
				8C3649FC1D87E505006973E5 /* Controller */,
				8C3649FF1D87E505006973E5 /* Model */,
				8C364A001D87E505006973E5 /* View */,
			);
			path = Main;
			sourceTree = "<group>";
		};
		8C3649FC1D87E505006973E5 /* Controller */ = {
			isa = PBXGroup;
			children = (
				8C3649FD1D87E505006973E5 /* BRMainViewController.h */,
				8C3649FE1D87E505006973E5 /* BRMainViewController.m */,
				8C05AD161D8927A300D1E113 /* BRNavigationController.h */,
				8C05AD171D8927A300D1E113 /* BRNavigationController.m */,
			);
			path = Controller;
			sourceTree = "<group>";
		};
		8C3649FF1D87E505006973E5 /* Model */ = {
			isa = PBXGroup;
			children = (
			);
			path = Model;
			sourceTree = "<group>";
		};
		8C364A001D87E505006973E5 /* View */ = {
			isa = PBXGroup;
			children = (
				8C364A021D87EC32006973E5 /* BRTabBar.h */,
				8C364A031D87EC32006973E5 /* BRTabBar.m */,
			);
			path = View;
			sourceTree = "<group>";
		};
		8C364A071D881C4A006973E5 /* Category */ = {
			isa = PBXGroup;
			children = (
				8C364A091D881D19006973E5 /* UIView+Extension.h */,
				8C364A0A1D881D19006973E5 /* UIView+Extension.m */,
				8C364A111D88EB43006973E5 /* UIBarButtonItem+BRBarButtonItem.h */,
				8C364A121D88EB43006973E5 /* UIBarButtonItem+BRBarButtonItem.m */,
			);
			path = Category;
			sourceTree = "<group>";
		};
		8C364A081D881C57006973E5 /* Tools */ = {
			isa = PBXGroup;
			children = (
				8CE7BAD21D8F76F200DDED24 /* BRNetTools.h */,
				8CE7BAD31D8F76F200DDED24 /* BRNetTools.m */,
			);
			path = Tools;
			sourceTree = "<group>";
		};
		8CE7BAB81D8E939D00DDED24 /* Resoureces */ = {
			isa = PBXGroup;
			children = (
				8CE7BAB91D8E939D00DDED24 /* 启动图片 */,
			);
			path = Resoureces;
			sourceTree = "<group>";
		};
		8CE7BAB91D8E939D00DDED24 /* 启动图片 */ = {
			isa = PBXGroup;
			children = (
				8CE7BABA1D8E939D00DDED24 /* LaunchImage-568h@2x.png */,
				8CE7BABB1D8E939D00DDED24 /* LaunchImage-700-568h@2x.png */,
				8CE7BABC1D8E939D00DDED24 /* LaunchImage-700@2x.png */,
				8CE7BABD1D8E939D00DDED24 /* LaunchImage-800-667h@2x.png */,
				8CE7BABE1D8E939D00DDED24 /* LaunchImage-800-Portrait-736h@3x.png */,
				8CE7BABF1D8E939D00DDED24 /* LaunchImage.png */,
				8CE7BAC01D8E939D00DDED24 /* LaunchImage@2x.png */,
			);
			path = "启动图片";
			sourceTree = "<group>";
		};
		8CE7BAC81D8E93C200DDED24 /* Header */ = {
			isa = PBXGroup;
			children = (
				8CE7BAC91D8E93C200DDED24 /* BuDeJie.pch */,
				8CE7BACA1D8E93C200DDED24 /* BuDeJie_Header.h */,
				8CE7BACB1D8E93C200DDED24 /* 全局常量 */,
			);
			path = Header;
			sourceTree = "<group>";
		};
		8CE7BACB1D8E93C200DDED24 /* 全局常量 */ = {
			isa = PBXGroup;
			children = (
				8CE7BACC1D8E93C200DDED24 /* BRGlobalConstants.h */,
				8CE7BACD1D8E93C200DDED24 /* BRGlobalConstants.m */,
			);
			path = "全局常量";
			sourceTree = "<group>";
		};
		8CFE44C81D8E776A001A4ECB /* Advertisement(广告) */ = {
			isa = PBXGroup;
			children = (
				8C0AA7771D8FB1B2002CB37C /* header */,
				8CFE44C91D8E776A001A4ECB /* Controller */,
				8CFE44CD1D8E776A001A4ECB /* Model */,
				8CFE44CE1D8E776A001A4ECB /* View */,
			);
			path = "Advertisement(广告)";
			sourceTree = "<group>";
		};
		8CFE44C91D8E776A001A4ECB /* Controller */ = {
			isa = PBXGroup;
			children = (
				8CE7BAA21D8E77DE00DDED24 /* BRAdViewController.h */,
				8CE7BAA31D8E77DE00DDED24 /* BRAdViewController.m */,
				8CE7BAA41D8E77DE00DDED24 /* BRAdViewController.xib */,
			);
			path = Controller;
			sourceTree = "<group>";
		};
		8CFE44CD1D8E776A001A4ECB /* Model */ = {
			isa = PBXGroup;
			children = (
				8C0AA7741D8FB192002CB37C /* BRAdDataModel.h */,
				8C0AA7751D8FB192002CB37C /* BRAdDataModel.m */,
			);
			path = Model;
			sourceTree = "<group>";
		};
		8CFE44CE1D8E776A001A4ECB /* View */ = {
			isa = PBXGroup;
			children = (
			);
			path = View;
			sourceTree = "<group>";
		};
		FF2E39524A0F7FA03A49A7B8 /* Frameworks */ = {
			isa = PBXGroup;
			children = (
				1273E95DCAC1EC991F9D6A9A /* libPods-BuDeJie.a */,
			);
			name = Frameworks;
			sourceTree = "<group>";
		};
/* End PBXGroup section */

/* Begin PBXNativeTarget section */
		8C36191D1D865A2F005036B2 /* BuDeJie */ = {
			isa = PBXNativeTarget;
			buildConfigurationList = 8C3619351D865A2F005036B2 /* Build configuration list for PBXNativeTarget "BuDeJie" */;
			buildPhases = (
				CADE03EE0302996E3C5CBE15 /* 📦 Check Pods Manifest.lock */,
				8C36191A1D865A2F005036B2 /* Sources */,
				8C36191B1D865A2F005036B2 /* Frameworks */,
				8C36191C1D865A2F005036B2 /* Resources */,
				C71559B1C4209CA596EC86A4 /* 📦 Embed Pods Frameworks */,
				A0C1ACE22D16B3A4BF454042 /* 📦 Copy Pods Resources */,
			);
			buildRules = (
			);
			dependencies = (
			);
			name = BuDeJie;
			productName = BuDeJie;
			productReference = 8C36191E1D865A2F005036B2 /* BuDeJie.app */;
			productType = "com.apple.product-type.application";
		};
/* End PBXNativeTarget section */

/* Begin PBXProject section */
		8C3619161D865A2F005036B2 /* Project object */ = {
			isa = PBXProject;
			attributes = {
				CLASSPREFIX = BR;
				LastUpgradeCheck = 0730;
				ORGANIZATIONNAME = "熊欣";
				TargetAttributes = {
					8C36191D1D865A2F005036B2 = {
						CreatedOnToolsVersion = 7.3;
						DevelopmentTeam = 96G863BQAJ;
					};
				};
			};
			buildConfigurationList = 8C3619191D865A2F005036B2 /* Build configuration list for PBXProject "BuDeJie" */;
			compatibilityVersion = "Xcode 3.2";
			developmentRegion = English;
			hasScannedForEncodings = 0;
			knownRegions = (
				en,
				Base,
			);
			mainGroup = 8C3619151D865A2F005036B2;
			productRefGroup = 8C36191F1D865A2F005036B2 /* Products */;
			projectDirPath = "";
			projectRoot = "";
			targets = (
				8C36191D1D865A2F005036B2 /* BuDeJie */,
			);
		};
/* End PBXProject section */

/* Begin PBXResourcesBuildPhase section */
		8C36191C1D865A2F005036B2 /* Resources */ = {
			isa = PBXResourcesBuildPhase;
			buildActionMask = 2147483647;
			files = (
				8C3619311D865A2F005036B2 /* LaunchScreen.storyboard in Resources */,
				8CE7BAC21D8E939D00DDED24 /* LaunchImage-700-568h@2x.png in Resources */,
				8CE7BAC61D8E939D00DDED24 /* LaunchImage.png in Resources */,
				8C36192E1D865A2F005036B2 /* Assets.xcassets in Resources */,
				8CE7BAC31D8E939D00DDED24 /* LaunchImage-700@2x.png in Resources */,
				8CE7BAC51D8E939D00DDED24 /* LaunchImage-800-Portrait-736h@3x.png in Resources */,
				8CE7BAC11D8E939D00DDED24 /* LaunchImage-568h@2x.png in Resources */,
				8CE7BAC41D8E939D00DDED24 /* LaunchImage-800-667h@2x.png in Resources */,
				8CE7BAA61D8E77DE00DDED24 /* BRAdViewController.xib in Resources */,
				8CE7BAC71D8E939D00DDED24 /* LaunchImage@2x.png in Resources */,
			);
			runOnlyForDeploymentPostprocessing = 0;
		};
/* End PBXResourcesBuildPhase section */

/* Begin PBXShellScriptBuildPhase section */
		A0C1ACE22D16B3A4BF454042 /* 📦 Copy Pods Resources */ = {
			isa = PBXShellScriptBuildPhase;
			buildActionMask = 2147483647;
			files = (
			);
			inputPaths = (
			);
			name = "📦 Copy Pods Resources";
			outputPaths = (
			);
			runOnlyForDeploymentPostprocessing = 0;
			shellPath = /bin/sh;
			shellScript = "\"${SRCROOT}/Pods/Target Support Files/Pods-BuDeJie/Pods-BuDeJie-resources.sh\"\n";
			showEnvVarsInLog = 0;
		};
		C71559B1C4209CA596EC86A4 /* 📦 Embed Pods Frameworks */ = {
			isa = PBXShellScriptBuildPhase;
			buildActionMask = 2147483647;
			files = (
			);
			inputPaths = (
			);
			name = "📦 Embed Pods Frameworks";
			outputPaths = (
			);
			runOnlyForDeploymentPostprocessing = 0;
			shellPath = /bin/sh;
			shellScript = "\"${SRCROOT}/Pods/Target Support Files/Pods-BuDeJie/Pods-BuDeJie-frameworks.sh\"\n";
			showEnvVarsInLog = 0;
		};
		CADE03EE0302996E3C5CBE15 /* 📦 Check Pods Manifest.lock */ = {
			isa = PBXShellScriptBuildPhase;
			buildActionMask = 2147483647;
			files = (
			);
			inputPaths = (
			);
			name = "📦 Check Pods Manifest.lock";
			outputPaths = (
			);
			runOnlyForDeploymentPostprocessing = 0;
			shellPath = /bin/sh;
			shellScript = "diff \"${PODS_ROOT}/../Podfile.lock\" \"${PODS_ROOT}/Manifest.lock\" > /dev/null\nif [[ $? != 0 ]] ; then\n    cat << EOM\nerror: The sandbox is not in sync with the Podfile.lock. Run 'pod install' or update your CocoaPods installation.\nEOM\n    exit 1\nfi\n";
			showEnvVarsInLog = 0;
		};
/* End PBXShellScriptBuildPhase section */

/* Begin PBXSourcesBuildPhase section */
		8C36191A1D865A2F005036B2 /* Sources */ = {
			isa = PBXSourcesBuildPhase;
			buildActionMask = 2147483647;
			files = (
				8CE7BACE1D8E93C200DDED24 /* BRGlobalConstants.m in Sources */,
				8C05AD1F1D892C7700D1E113 /* BRSettingViewController.m in Sources */,
				8C3649F01D869542006973E5 /* BRMeViewController.m in Sources */,
				8C3649F31D869555006973E5 /* BRNewViewController.m in Sources */,
				8C364A0B1D881D19006973E5 /* UIView+Extension.m in Sources */,
				8C3649ED1D869530006973E5 /* BRFriendTrendViewController.m in Sources */,
				8C364A011D87E505006973E5 /* BRMainViewController.m in Sources */,
				8CE7BAD41D8F76F200DDED24 /* BRNetTools.m in Sources */,
				8C0AA7761D8FB192002CB37C /* BRAdDataModel.m in Sources */,
				8C3649E41D869253006973E5 /* main.m in Sources */,
				8CE7BAA51D8E77DE00DDED24 /* BRAdViewController.m in Sources */,
				8C3649EA1D86950E006973E5 /* BREssenceViewController.m in Sources */,
				8C364A131D88EB43006973E5 /* UIBarButtonItem+BRBarButtonItem.m in Sources */,
				8C3649E31D869253006973E5 /* AppDelegate.m in Sources */,
				8C05AD181D8927A300D1E113 /* BRNavigationController.m in Sources */,
				8C3649F61D869575006973E5 /* BRPublishViewController.m in Sources */,
				8C3649E71D869435006973E5 /* BRBaseViewController.m in Sources */,
				8C364A041D87EC33006973E5 /* BRTabBar.m in Sources */,
			);
			runOnlyForDeploymentPostprocessing = 0;
		};
/* End PBXSourcesBuildPhase section */

/* Begin PBXVariantGroup section */
		8C36192F1D865A2F005036B2 /* LaunchScreen.storyboard */ = {
			isa = PBXVariantGroup;
			children = (
				8C3619301D865A2F005036B2 /* Base */,
			);
			name = LaunchScreen.storyboard;
			sourceTree = "<group>";
		};
/* End PBXVariantGroup section */

/* Begin XCBuildConfiguration section */
		8C3619331D865A2F005036B2 /* Debug */ = {
			isa = XCBuildConfiguration;
			buildSettings = {
				ALWAYS_SEARCH_USER_PATHS = NO;
				CLANG_ANALYZER_NONNULL = YES;
				CLANG_CXX_LANGUAGE_STANDARD = "gnu++0x";
				CLANG_CXX_LIBRARY = "libc++";
				CLANG_ENABLE_MODULES = YES;
				CLANG_ENABLE_OBJC_ARC = YES;
				CLANG_WARN_BOOL_CONVERSION = YES;
				CLANG_WARN_CONSTANT_CONVERSION = YES;
				CLANG_WARN_DIRECT_OBJC_ISA_USAGE = YES_ERROR;
				CLANG_WARN_EMPTY_BODY = YES;
				CLANG_WARN_ENUM_CONVERSION = YES;
				CLANG_WARN_INT_CONVERSION = YES;
				CLANG_WARN_OBJC_ROOT_CLASS = YES_ERROR;
				CLANG_WARN_UNREACHABLE_CODE = YES;
				CLANG_WARN__DUPLICATE_METHOD_MATCH = YES;
				"CODE_SIGN_IDENTITY[sdk=iphoneos*]" = "iPhone Developer";
				COPY_PHASE_STRIP = NO;
				DEBUG_INFORMATION_FORMAT = dwarf;
				ENABLE_STRICT_OBJC_MSGSEND = YES;
				ENABLE_TESTABILITY = YES;
				GCC_C_LANGUAGE_STANDARD = gnu99;
				GCC_DYNAMIC_NO_PIC = NO;
				GCC_NO_COMMON_BLOCKS = YES;
				GCC_OPTIMIZATION_LEVEL = 0;
				GCC_PREPROCESSOR_DEFINITIONS = (
					"DEBUG=1",
					"$(inherited)",
				);
				GCC_WARN_64_TO_32_BIT_CONVERSION = YES;
				GCC_WARN_ABOUT_RETURN_TYPE = YES_ERROR;
				GCC_WARN_UNDECLARED_SELECTOR = YES;
				GCC_WARN_UNINITIALIZED_AUTOS = YES_AGGRESSIVE;
				GCC_WARN_UNUSED_FUNCTION = YES;
				GCC_WARN_UNUSED_VARIABLE = YES;
				IPHONEOS_DEPLOYMENT_TARGET = 9.3;
				MTL_ENABLE_DEBUG_INFO = YES;
				ONLY_ACTIVE_ARCH = YES;
				SDKROOT = iphoneos;
			};
			name = Debug;
		};
		8C3619341D865A2F005036B2 /* Release */ = {
			isa = XCBuildConfiguration;
			buildSettings = {
				ALWAYS_SEARCH_USER_PATHS = NO;
				CLANG_ANALYZER_NONNULL = YES;
				CLANG_CXX_LANGUAGE_STANDARD = "gnu++0x";
				CLANG_CXX_LIBRARY = "libc++";
				CLANG_ENABLE_MODULES = YES;
				CLANG_ENABLE_OBJC_ARC = YES;
				CLANG_WARN_BOOL_CONVERSION = YES;
				CLANG_WARN_CONSTANT_CONVERSION = YES;
				CLANG_WARN_DIRECT_OBJC_ISA_USAGE = YES_ERROR;
				CLANG_WARN_EMPTY_BODY = YES;
				CLANG_WARN_ENUM_CONVERSION = YES;
				CLANG_WARN_INT_CONVERSION = YES;
				CLANG_WARN_OBJC_ROOT_CLASS = YES_ERROR;
				CLANG_WARN_UNREACHABLE_CODE = YES;
				CLANG_WARN__DUPLICATE_METHOD_MATCH = YES;
				"CODE_SIGN_IDENTITY[sdk=iphoneos*]" = "iPhone Developer";
				COPY_PHASE_STRIP = NO;
				DEBUG_INFORMATION_FORMAT = "dwarf-with-dsym";
				ENABLE_NS_ASSERTIONS = NO;
				ENABLE_STRICT_OBJC_MSGSEND = YES;
				GCC_C_LANGUAGE_STANDARD = gnu99;
				GCC_NO_COMMON_BLOCKS = YES;
				GCC_WARN_64_TO_32_BIT_CONVERSION = YES;
				GCC_WARN_ABOUT_RETURN_TYPE = YES_ERROR;
				GCC_WARN_UNDECLARED_SELECTOR = YES;
				GCC_WARN_UNINITIALIZED_AUTOS = YES_AGGRESSIVE;
				GCC_WARN_UNUSED_FUNCTION = YES;
				GCC_WARN_UNUSED_VARIABLE = YES;
				IPHONEOS_DEPLOYMENT_TARGET = 9.3;
				MTL_ENABLE_DEBUG_INFO = NO;
				SDKROOT = iphoneos;
				VALIDATE_PRODUCT = YES;
			};
			name = Release;
		};
		8C3619361D865A2F005036B2 /* Debug */ = {
			isa = XCBuildConfiguration;
			baseConfigurationReference = 038A195AE6B87508E3E09C67 /* Pods-BuDeJie.debug.xcconfig */;
			buildSettings = {
				ASSETCATALOG_COMPILER_APPICON_NAME = AppIcon;
				ASSETCATALOG_COMPILER_LAUNCHIMAGE_NAME = "Brand Assets";
				CODE_SIGN_IDENTITY = "iPhone Developer";
				"CODE_SIGN_IDENTITY[sdk=iphoneos*]" = "iPhone Developer";
				GCC_PREFIX_HEADER = BuDeJie/header/BuDeJie.pch;
				INFOPLIST_FILE = BuDeJie/Info.plist;
				IPHONEOS_DEPLOYMENT_TARGET = 8.0;
				LD_RUNPATH_SEARCH_PATHS = "$(inherited) @executable_path/Frameworks";
				PRODUCT_BUNDLE_IDENTIFIER = com.pateo.BuDeJie;
				PRODUCT_NAME = "$(TARGET_NAME)";
				PROVISIONING_PROFILE = "";
			};
			name = Debug;
		};
		8C3619371D865A2F005036B2 /* Release */ = {
			isa = XCBuildConfiguration;
			baseConfigurationReference = 34FBB465AC3057868E684703 /* Pods-BuDeJie.release.xcconfig */;
			buildSettings = {
				ASSETCATALOG_COMPILER_APPICON_NAME = AppIcon;
				ASSETCATALOG_COMPILER_LAUNCHIMAGE_NAME = "Brand Assets";
				CODE_SIGN_IDENTITY = "iPhone Developer";
				"CODE_SIGN_IDENTITY[sdk=iphoneos*]" = "iPhone Developer";
				GCC_PREFIX_HEADER = BuDeJie/header/BuDeJie.pch;
				INFOPLIST_FILE = BuDeJie/Info.plist;
				IPHONEOS_DEPLOYMENT_TARGET = 8.0;
				LD_RUNPATH_SEARCH_PATHS = "$(inherited) @executable_path/Frameworks";
				PRODUCT_BUNDLE_IDENTIFIER = com.pateo.BuDeJie;
				PRODUCT_NAME = "$(TARGET_NAME)";
				PROVISIONING_PROFILE = "";
			};
			name = Release;
		};
/* End XCBuildConfiguration section */

/* Begin XCConfigurationList section */
		8C3619191D865A2F005036B2 /* Build configuration list for PBXProject "BuDeJie" */ = {
			isa = XCConfigurationList;
			buildConfigurations = (
				8C3619331D865A2F005036B2 /* Debug */,
				8C3619341D865A2F005036B2 /* Release */,
			);
			defaultConfigurationIsVisible = 0;
			defaultConfigurationName = Release;
		};
		8C3619351D865A2F005036B2 /* Build configuration list for PBXNativeTarget "BuDeJie" */ = {
			isa = XCConfigurationList;
			buildConfigurations = (
				8C3619361D865A2F005036B2 /* Debug */,
				8C3619371D865A2F005036B2 /* Release */,
			);
			defaultConfigurationIsVisible = 0;
			defaultConfigurationName = Release;
		};
/* End XCConfigurationList section */
	};
	rootObject = 8C3619161D865A2F005036B2 /* Project object */;
}
