// !$*UTF8*$!
{
	archiveVersion = 1;
	classes = {
	};
	objectVersion = 46;
	objects = {

/* Begin PBXBuildFile section */
		5258B45F8963D61B80F7E1E3 /* libPods-BuDeJie.a in Frameworks */ = {isa = PBXBuildFile; fileRef = 1273E95DCAC1EC991F9D6A9A /* libPods-BuDeJie.a */; };
		8C02B8271D9219EC00B7F55C /* BRLoginRegisterViewController.m in Sources */ = {isa = PBXBuildFile; fileRef = 8C02B8251D9219EC00B7F55C /* BRLoginRegisterViewController.m */; };
		8C02B8281D9219EC00B7F55C /* BRLoginRegisterViewController.xib in Resources */ = {isa = PBXBuildFile; fileRef = 8C02B8261D9219EC00B7F55C /* BRLoginRegisterViewController.xib */; };
		8C05AD181D8927A300D1E113 /* BRNavigationController.m in Sources */ = {isa = PBXBuildFile; fileRef = 8C05AD171D8927A300D1E113 /* BRNavigationController.m */; };
		8C05F2441D915A7B0045E4CF /* BRFriendTrendViewController.xib in Resources */ = {isa = PBXBuildFile; fileRef = 8C05F2431D915A7B0045E4CF /* BRFriendTrendViewController.xib */; };
		8C05F2481D9163FE0045E4CF /* 235113-151224091S119.jpg in Resources */ = {isa = PBXBuildFile; fileRef = 8C05F2471D9163FE0045E4CF /* 235113-151224091S119.jpg */; };
		8C06854A1D98CD6800AA7157 /* BRShareBtn.m in Sources */ = {isa = PBXBuildFile; fileRef = 8C0685491D98CD6800AA7157 /* BRShareBtn.m */; };
		8C0AA7761D8FB192002CB37C /* BRAdDataModel.m in Sources */ = {isa = PBXBuildFile; fileRef = 8C0AA7751D8FB192002CB37C /* BRAdDataModel.m */; };
		8C3140961D9B5B79001C9C56 /* BRMeCollectionViewCell.m in Sources */ = {isa = PBXBuildFile; fileRef = 8C3140941D9B5B79001C9C56 /* BRMeCollectionViewCell.m */; };
		8C3140971D9B5B79001C9C56 /* BRMeCollectionViewCell.xib in Resources */ = {isa = PBXBuildFile; fileRef = 8C3140951D9B5B79001C9C56 /* BRMeCollectionViewCell.xib */; };
		8C36192E1D865A2F005036B2 /* Assets.xcassets in Resources */ = {isa = PBXBuildFile; fileRef = 8C36192D1D865A2F005036B2 /* Assets.xcassets */; };
		8C3619311D865A2F005036B2 /* LaunchScreen.storyboard in Resources */ = {isa = PBXBuildFile; fileRef = 8C36192F1D865A2F005036B2 /* LaunchScreen.storyboard */; };
		8C3649E31D869253006973E5 /* AppDelegate.m in Sources */ = {isa = PBXBuildFile; fileRef = 8C3649DD1D869253006973E5 /* AppDelegate.m */; };
		8C3649E41D869253006973E5 /* main.m in Sources */ = {isa = PBXBuildFile; fileRef = 8C3649DE1D869253006973E5 /* main.m */; };
		8C3649E71D869435006973E5 /* BRBaseViewController.m in Sources */ = {isa = PBXBuildFile; fileRef = 8C3649E61D869435006973E5 /* BRBaseViewController.m */; };
		8C3649ED1D869530006973E5 /* BRFriendTrendViewController.m in Sources */ = {isa = PBXBuildFile; fileRef = 8C3649EC1D869530006973E5 /* BRFriendTrendViewController.m */; };
		8C3649F01D869542006973E5 /* BRMeViewController.m in Sources */ = {isa = PBXBuildFile; fileRef = 8C3649EF1D869542006973E5 /* BRMeViewController.m */; };
		8C3649F31D869555006973E5 /* BRNewViewController.m in Sources */ = {isa = PBXBuildFile; fileRef = 8C3649F21D869555006973E5 /* BRNewViewController.m */; };
		8C3649F61D869575006973E5 /* BRPublishViewController.m in Sources */ = {isa = PBXBuildFile; fileRef = 8C3649F51D869575006973E5 /* BRPublishViewController.m */; };
		8C364A011D87E505006973E5 /* BRMainViewController.m in Sources */ = {isa = PBXBuildFile; fileRef = 8C3649FE1D87E505006973E5 /* BRMainViewController.m */; };
		8C364A041D87EC33006973E5 /* BRTabBar.m in Sources */ = {isa = PBXBuildFile; fileRef = 8C364A031D87EC32006973E5 /* BRTabBar.m */; };
		8C364A0B1D881D19006973E5 /* UIView+Extension.m in Sources */ = {isa = PBXBuildFile; fileRef = 8C364A0A1D881D19006973E5 /* UIView+Extension.m */; };
		8C364A131D88EB43006973E5 /* UIBarButtonItem+BRBarButtonItem.m in Sources */ = {isa = PBXBuildFile; fileRef = 8C364A121D88EB43006973E5 /* UIBarButtonItem+BRBarButtonItem.m */; };
		8C3B85E61D9CFCDB00F69DAE /* BRSettingViewController.m in Sources */ = {isa = PBXBuildFile; fileRef = 8C3B85E31D9CFCDB00F69DAE /* BRSettingViewController.m */; };
		8C3B85E81D9CFCFE00F69DAE /* BRSettingViewController.storyboard in Resources */ = {isa = PBXBuildFile; fileRef = 8C3B85E71D9CFCFE00F69DAE /* BRSettingViewController.storyboard */; };
		8C6B1E831D9BC13E00B1DD06 /* BRWebViewController.m in Sources */ = {isa = PBXBuildFile; fileRef = 8C6B1E811D9BC13E00B1DD06 /* BRWebViewController.m */; };
		8C6B1E841D9BC13E00B1DD06 /* BRWebViewController.xib in Resources */ = {isa = PBXBuildFile; fileRef = 8C6B1E821D9BC13E00B1DD06 /* BRWebViewController.xib */; };
		8C6B1E861D9BC4A300B1DD06 /* WebKit.framework in Frameworks */ = {isa = PBXBuildFile; fileRef = 8C6B1E851D9BC4A300B1DD06 /* WebKit.framework */; };
		8C7B70BC1D9924A5008C3A50 /* BRLoginTextField.m in Sources */ = {isa = PBXBuildFile; fileRef = 8C7B70BB1D9924A5008C3A50 /* BRLoginTextField.m */; };
		8C7B70C21D992508008C3A50 /* UITextField+BRTextField.m in Sources */ = {isa = PBXBuildFile; fileRef = 8C7B70C11D992508008C3A50 /* UITextField+BRTextField.m */; };
		8C8AFD1E1D93C375002086BE /* BRLoginRegisterView.m in Sources */ = {isa = PBXBuildFile; fileRef = 8C8AFD1D1D93C375002086BE /* BRLoginRegisterView.m */; };
		8C8AFD201D93C38F002086BE /* BRLoginRegisterView.xib in Resources */ = {isa = PBXBuildFile; fileRef = 8C8AFD1F1D93C38F002086BE /* BRLoginRegisterView.xib */; };
		8C8AFD231D9400AE002086BE /* BRShareBtnView.m in Sources */ = {isa = PBXBuildFile; fileRef = 8C8AFD221D9400AE002086BE /* BRShareBtnView.m */; };
		8C8AFD251D9400BB002086BE /* BRShareBtnView.xib in Resources */ = {isa = PBXBuildFile; fileRef = 8C8AFD241D9400BB002086BE /* BRShareBtnView.xib */; };
		8C945CA91DAB915600B63752 /* BREssenceViewController.m in Sources */ = {isa = PBXBuildFile; fileRef = 8C945C991DAB915600B63752 /* BREssenceViewController.m */; };
		8C945CAA1DAB915600B63752 /* BRAllTableViewController.m in Sources */ = {isa = PBXBuildFile; fileRef = 8C945C9C1DAB915600B63752 /* BRAllTableViewController.m */; };
		8C945CAB1DAB915600B63752 /* BRJokeTableViewController.m in Sources */ = {isa = PBXBuildFile; fileRef = 8C945C9E1DAB915600B63752 /* BRJokeTableViewController.m */; };
		8C945CAC1DAB915600B63752 /* BRPhotoTableViewController.m in Sources */ = {isa = PBXBuildFile; fileRef = 8C945CA01DAB915600B63752 /* BRPhotoTableViewController.m */; };
		8C945CAD1DAB915600B63752 /* BRSoundTableViewController.m in Sources */ = {isa = PBXBuildFile; fileRef = 8C945CA21DAB915600B63752 /* BRSoundTableViewController.m */; };
		8C945CAE1DAB915600B63752 /* BRVideoTableViewController.m in Sources */ = {isa = PBXBuildFile; fileRef = 8C945CA41DAB915600B63752 /* BRVideoTableViewController.m */; };
		8C945CB21DABA54C00B63752 /* BRBaseTableViewController.m in Sources */ = {isa = PBXBuildFile; fileRef = 8C945CB11DABA54C00B63752 /* BRBaseTableViewController.m */; };
		8CCB7D301D9B51D100A2081C /* BRMeViewController.storyboard in Resources */ = {isa = PBXBuildFile; fileRef = 8CCB7D2F1D9B51D100A2081C /* BRMeViewController.storyboard */; };
		8CD25E341D9B8F0D00AB1CD4 /* BRMeSquareListModel.m in Sources */ = {isa = PBXBuildFile; fileRef = 8CD25E331D9B8F0D00AB1CD4 /* BRMeSquareListModel.m */; };
		8CD57D321D9E4A340008AFDB /* BRFileTools.m in Sources */ = {isa = PBXBuildFile; fileRef = 8CD57D311D9E4A340008AFDB /* BRFileTools.m */; };
		8CDF3BF31D91044C00A6D3EF /* BRSubTagViewCell.m in Sources */ = {isa = PBXBuildFile; fileRef = 8CDF3BF11D91044C00A6D3EF /* BRSubTagViewCell.m */; };
		8CDF3BF41D91044C00A6D3EF /* BRSubTagViewCell.xib in Resources */ = {isa = PBXBuildFile; fileRef = 8CDF3BF21D91044C00A6D3EF /* BRSubTagViewCell.xib */; };
		8CDF3BFA1D91314200A6D3EF /* UIImage+BRCategory.m in Sources */ = {isa = PBXBuildFile; fileRef = 8CDF3BF91D91314200A6D3EF /* UIImage+BRCategory.m */; };
		8CE7BAA51D8E77DE00DDED24 /* BRAdViewController.m in Sources */ = {isa = PBXBuildFile; fileRef = 8CE7BAA31D8E77DE00DDED24 /* BRAdViewController.m */; };
		8CE7BAA61D8E77DE00DDED24 /* BRAdViewController.xib in Resources */ = {isa = PBXBuildFile; fileRef = 8CE7BAA41D8E77DE00DDED24 /* BRAdViewController.xib */; };
		8CE7BAC11D8E939D00DDED24 /* LaunchImage-568h@2x.png in Resources */ = {isa = PBXBuildFile; fileRef = 8CE7BABA1D8E939D00DDED24 /* LaunchImage-568h@2x.png */; };
		8CE7BAC21D8E939D00DDED24 /* LaunchImage-700-568h@2x.png in Resources */ = {isa = PBXBuildFile; fileRef = 8CE7BABB1D8E939D00DDED24 /* LaunchImage-700-568h@2x.png */; };
		8CE7BAC31D8E939D00DDED24 /* LaunchImage-700@2x.png in Resources */ = {isa = PBXBuildFile; fileRef = 8CE7BABC1D8E939D00DDED24 /* LaunchImage-700@2x.png */; };
		8CE7BAC41D8E939D00DDED24 /* LaunchImage-800-667h@2x.png in Resources */ = {isa = PBXBuildFile; fileRef = 8CE7BABD1D8E939D00DDED24 /* LaunchImage-800-667h@2x.png */; };
		8CE7BAC51D8E939D00DDED24 /* LaunchImage-800-Portrait-736h@3x.png in Resources */ = {isa = PBXBuildFile; fileRef = 8CE7BABE1D8E939D00DDED24 /* LaunchImage-800-Portrait-736h@3x.png */; };
		8CE7BAC61D8E939D00DDED24 /* LaunchImage.png in Resources */ = {isa = PBXBuildFile; fileRef = 8CE7BABF1D8E939D00DDED24 /* LaunchImage.png */; };
		8CE7BAC71D8E939D00DDED24 /* LaunchImage@2x.png in Resources */ = {isa = PBXBuildFile; fileRef = 8CE7BAC01D8E939D00DDED24 /* LaunchImage@2x.png */; };
		8CE7BACE1D8E93C200DDED24 /* BRGlobalConstants.m in Sources */ = {isa = PBXBuildFile; fileRef = 8CE7BACD1D8E93C200DDED24 /* BRGlobalConstants.m */; };
		8CE7BAD41D8F76F200DDED24 /* BRNetTools.m in Sources */ = {isa = PBXBuildFile; fileRef = 8CE7BAD31D8F76F200DDED24 /* BRNetTools.m */; };
		8CEB67DD1D8FE5C600DEC374 /* BRSubTagViewController.m in Sources */ = {isa = PBXBuildFile; fileRef = 8CEB67DC1D8FE5C600DEC374 /* BRSubTagViewController.m */; };
		8CEB67E01D90C9C900DEC374 /* BRSubTagModel.m in Sources */ = {isa = PBXBuildFile; fileRef = 8CEB67DF1D90C9C900DEC374 /* BRSubTagModel.m */; };
/* End PBXBuildFile section */

/* Begin PBXFileReference section */
		038A195AE6B87508E3E09C67 /* Pods-BuDeJie.debug.xcconfig */ = {isa = PBXFileReference; includeInIndex = 1; lastKnownFileType = text.xcconfig; name = "Pods-BuDeJie.debug.xcconfig"; path = "Pods/Target Support Files/Pods-BuDeJie/Pods-BuDeJie.debug.xcconfig"; sourceTree = "<group>"; };
		1273E95DCAC1EC991F9D6A9A /* libPods-BuDeJie.a */ = {isa = PBXFileReference; explicitFileType = archive.ar; includeInIndex = 0; path = "libPods-BuDeJie.a"; sourceTree = BUILT_PRODUCTS_DIR; };
		34FBB465AC3057868E684703 /* Pods-BuDeJie.release.xcconfig */ = {isa = PBXFileReference; includeInIndex = 1; lastKnownFileType = text.xcconfig; name = "Pods-BuDeJie.release.xcconfig"; path = "Pods/Target Support Files/Pods-BuDeJie/Pods-BuDeJie.release.xcconfig"; sourceTree = "<group>"; };
		8C02B8241D9219EC00B7F55C /* BRLoginRegisterViewController.h */ = {isa = PBXFileReference; fileEncoding = 4; lastKnownFileType = sourcecode.c.h; path = BRLoginRegisterViewController.h; sourceTree = "<group>"; };
		8C02B8251D9219EC00B7F55C /* BRLoginRegisterViewController.m */ = {isa = PBXFileReference; fileEncoding = 4; lastKnownFileType = sourcecode.c.objc; path = BRLoginRegisterViewController.m; sourceTree = "<group>"; };
		8C02B8261D9219EC00B7F55C /* BRLoginRegisterViewController.xib */ = {isa = PBXFileReference; fileEncoding = 4; lastKnownFileType = file.xib; path = BRLoginRegisterViewController.xib; sourceTree = "<group>"; };
		8C05AD161D8927A300D1E113 /* BRNavigationController.h */ = {isa = PBXFileReference; fileEncoding = 4; lastKnownFileType = sourcecode.c.h; path = BRNavigationController.h; sourceTree = "<group>"; };
		8C05AD171D8927A300D1E113 /* BRNavigationController.m */ = {isa = PBXFileReference; fileEncoding = 4; lastKnownFileType = sourcecode.c.objc; path = BRNavigationController.m; sourceTree = "<group>"; };
		8C05F2431D915A7B0045E4CF /* BRFriendTrendViewController.xib */ = {isa = PBXFileReference; fileEncoding = 4; lastKnownFileType = file.xib; path = BRFriendTrendViewController.xib; sourceTree = "<group>"; };
		8C05F2471D9163FE0045E4CF /* 235113-151224091S119.jpg */ = {isa = PBXFileReference; lastKnownFileType = image.jpeg; path = "235113-151224091S119.jpg"; sourceTree = "<group>"; };
		8C0685481D98CD6800AA7157 /* BRShareBtn.h */ = {isa = PBXFileReference; fileEncoding = 4; lastKnownFileType = sourcecode.c.h; path = BRShareBtn.h; sourceTree = "<group>"; };
		8C0685491D98CD6800AA7157 /* BRShareBtn.m */ = {isa = PBXFileReference; fileEncoding = 4; lastKnownFileType = sourcecode.c.objc; path = BRShareBtn.m; sourceTree = "<group>"; };
		8C0AA7741D8FB192002CB37C /* BRAdDataModel.h */ = {isa = PBXFileReference; fileEncoding = 4; lastKnownFileType = sourcecode.c.h; path = BRAdDataModel.h; sourceTree = "<group>"; };
		8C0AA7751D8FB192002CB37C /* BRAdDataModel.m */ = {isa = PBXFileReference; fileEncoding = 4; lastKnownFileType = sourcecode.c.objc; path = BRAdDataModel.m; sourceTree = "<group>"; };
		8C0AA7781D8FB1D0002CB37C /* Advertisement_Header.h */ = {isa = PBXFileReference; lastKnownFileType = sourcecode.c.h; path = Advertisement_Header.h; sourceTree = "<group>"; };
		8C3140931D9B5B79001C9C56 /* BRMeCollectionViewCell.h */ = {isa = PBXFileReference; fileEncoding = 4; lastKnownFileType = sourcecode.c.h; path = BRMeCollectionViewCell.h; sourceTree = "<group>"; };
		8C3140941D9B5B79001C9C56 /* BRMeCollectionViewCell.m */ = {isa = PBXFileReference; fileEncoding = 4; lastKnownFileType = sourcecode.c.objc; path = BRMeCollectionViewCell.m; sourceTree = "<group>"; };
		8C3140951D9B5B79001C9C56 /* BRMeCollectionViewCell.xib */ = {isa = PBXFileReference; fileEncoding = 4; lastKnownFileType = file.xib; path = BRMeCollectionViewCell.xib; sourceTree = "<group>"; };
		8C36191E1D865A2F005036B2 /* BuDeJie.app */ = {isa = PBXFileReference; explicitFileType = wrapper.application; includeInIndex = 0; path = BuDeJie.app; sourceTree = BUILT_PRODUCTS_DIR; };
		8C36192D1D865A2F005036B2 /* Assets.xcassets */ = {isa = PBXFileReference; lastKnownFileType = folder.assetcatalog; path = Assets.xcassets; sourceTree = "<group>"; };
		8C3619301D865A2F005036B2 /* Base */ = {isa = PBXFileReference; lastKnownFileType = file.storyboard; name = Base; path = Base.lproj/LaunchScreen.storyboard; sourceTree = "<group>"; };
		8C3619321D865A2F005036B2 /* Info.plist */ = {isa = PBXFileReference; lastKnownFileType = text.plist.xml; path = Info.plist; sourceTree = "<group>"; };
		8C3649DC1D869253006973E5 /* AppDelegate.h */ = {isa = PBXFileReference; fileEncoding = 4; lastKnownFileType = sourcecode.c.h; path = AppDelegate.h; sourceTree = "<group>"; };
		8C3649DD1D869253006973E5 /* AppDelegate.m */ = {isa = PBXFileReference; fileEncoding = 4; lastKnownFileType = sourcecode.c.objc; path = AppDelegate.m; sourceTree = "<group>"; };
		8C3649DE1D869253006973E5 /* main.m */ = {isa = PBXFileReference; fileEncoding = 4; lastKnownFileType = sourcecode.c.objc; name = main.m; path = Classes/Other/main.m; sourceTree = "<group>"; };
		8C3649E51D869435006973E5 /* BRBaseViewController.h */ = {isa = PBXFileReference; fileEncoding = 4; lastKnownFileType = sourcecode.c.h; path = BRBaseViewController.h; sourceTree = "<group>"; };
		8C3649E61D869435006973E5 /* BRBaseViewController.m */ = {isa = PBXFileReference; fileEncoding = 4; lastKnownFileType = sourcecode.c.objc; path = BRBaseViewController.m; sourceTree = "<group>"; };
		8C3649EB1D869530006973E5 /* BRFriendTrendViewController.h */ = {isa = PBXFileReference; fileEncoding = 4; lastKnownFileType = sourcecode.c.h; path = BRFriendTrendViewController.h; sourceTree = "<group>"; };
		8C3649EC1D869530006973E5 /* BRFriendTrendViewController.m */ = {isa = PBXFileReference; fileEncoding = 4; lastKnownFileType = sourcecode.c.objc; path = BRFriendTrendViewController.m; sourceTree = "<group>"; };
		8C3649EE1D869542006973E5 /* BRMeViewController.h */ = {isa = PBXFileReference; fileEncoding = 4; lastKnownFileType = sourcecode.c.h; path = BRMeViewController.h; sourceTree = "<group>"; };
		8C3649EF1D869542006973E5 /* BRMeViewController.m */ = {isa = PBXFileReference; fileEncoding = 4; lastKnownFileType = sourcecode.c.objc; path = BRMeViewController.m; sourceTree = "<group>"; };
		8C3649F11D869555006973E5 /* BRNewViewController.h */ = {isa = PBXFileReference; fileEncoding = 4; lastKnownFileType = sourcecode.c.h; path = BRNewViewController.h; sourceTree = "<group>"; };
		8C3649F21D869555006973E5 /* BRNewViewController.m */ = {isa = PBXFileReference; fileEncoding = 4; lastKnownFileType = sourcecode.c.objc; path = BRNewViewController.m; sourceTree = "<group>"; };
		8C3649F41D869575006973E5 /* BRPublishViewController.h */ = {isa = PBXFileReference; fileEncoding = 4; lastKnownFileType = sourcecode.c.h; path = BRPublishViewController.h; sourceTree = "<group>"; };
		8C3649F51D869575006973E5 /* BRPublishViewController.m */ = {isa = PBXFileReference; fileEncoding = 4; lastKnownFileType = sourcecode.c.objc; path = BRPublishViewController.m; sourceTree = "<group>"; };
		8C3649FD1D87E505006973E5 /* BRMainViewController.h */ = {isa = PBXFileReference; fileEncoding = 4; lastKnownFileType = sourcecode.c.h; path = BRMainViewController.h; sourceTree = "<group>"; };
		8C3649FE1D87E505006973E5 /* BRMainViewController.m */ = {isa = PBXFileReference; fileEncoding = 4; lastKnownFileType = sourcecode.c.objc; path = BRMainViewController.m; sourceTree = "<group>"; };
		8C364A021D87EC32006973E5 /* BRTabBar.h */ = {isa = PBXFileReference; fileEncoding = 4; lastKnownFileType = sourcecode.c.h; path = BRTabBar.h; sourceTree = "<group>"; };
		8C364A031D87EC32006973E5 /* BRTabBar.m */ = {isa = PBXFileReference; fileEncoding = 4; lastKnownFileType = sourcecode.c.objc; path = BRTabBar.m; sourceTree = "<group>"; };
		8C364A091D881D19006973E5 /* UIView+Extension.h */ = {isa = PBXFileReference; fileEncoding = 4; lastKnownFileType = sourcecode.c.h; path = "UIView+Extension.h"; sourceTree = "<group>"; };
		8C364A0A1D881D19006973E5 /* UIView+Extension.m */ = {isa = PBXFileReference; fileEncoding = 4; lastKnownFileType = sourcecode.c.objc; path = "UIView+Extension.m"; sourceTree = "<group>"; };
		8C364A111D88EB43006973E5 /* UIBarButtonItem+BRBarButtonItem.h */ = {isa = PBXFileReference; fileEncoding = 4; lastKnownFileType = sourcecode.c.h; path = "UIBarButtonItem+BRBarButtonItem.h"; sourceTree = "<group>"; };
		8C364A121D88EB43006973E5 /* UIBarButtonItem+BRBarButtonItem.m */ = {isa = PBXFileReference; fileEncoding = 4; lastKnownFileType = sourcecode.c.objc; path = "UIBarButtonItem+BRBarButtonItem.m"; sourceTree = "<group>"; };
		8C3B85E21D9CFCDB00F69DAE /* BRSettingViewController.h */ = {isa = PBXFileReference; fileEncoding = 4; lastKnownFileType = sourcecode.c.h; path = BRSettingViewController.h; sourceTree = "<group>"; };
		8C3B85E31D9CFCDB00F69DAE /* BRSettingViewController.m */ = {isa = PBXFileReference; fileEncoding = 4; lastKnownFileType = sourcecode.c.objc; path = BRSettingViewController.m; sourceTree = "<group>"; };
		8C3B85E71D9CFCFE00F69DAE /* BRSettingViewController.storyboard */ = {isa = PBXFileReference; fileEncoding = 4; lastKnownFileType = file.storyboard; path = BRSettingViewController.storyboard; sourceTree = "<group>"; };
		8C6B1E7F1D9BB8C900B1DD06 /* BRMeHeader.h */ = {isa = PBXFileReference; lastKnownFileType = sourcecode.c.h; path = BRMeHeader.h; sourceTree = "<group>"; };
		8C6B1E801D9BC13E00B1DD06 /* BRWebViewController.h */ = {isa = PBXFileReference; fileEncoding = 4; lastKnownFileType = sourcecode.c.h; path = BRWebViewController.h; sourceTree = "<group>"; };
		8C6B1E811D9BC13E00B1DD06 /* BRWebViewController.m */ = {isa = PBXFileReference; fileEncoding = 4; lastKnownFileType = sourcecode.c.objc; path = BRWebViewController.m; sourceTree = "<group>"; };
		8C6B1E821D9BC13E00B1DD06 /* BRWebViewController.xib */ = {isa = PBXFileReference; fileEncoding = 4; lastKnownFileType = file.xib; path = BRWebViewController.xib; sourceTree = "<group>"; };
		8C6B1E851D9BC4A300B1DD06 /* WebKit.framework */ = {isa = PBXFileReference; lastKnownFileType = wrapper.framework; name = WebKit.framework; path = System/Library/Frameworks/WebKit.framework; sourceTree = SDKROOT; };
		8C7B70BA1D9924A5008C3A50 /* BRLoginTextField.h */ = {isa = PBXFileReference; fileEncoding = 4; lastKnownFileType = sourcecode.c.h; path = BRLoginTextField.h; sourceTree = "<group>"; };
		8C7B70BB1D9924A5008C3A50 /* BRLoginTextField.m */ = {isa = PBXFileReference; fileEncoding = 4; lastKnownFileType = sourcecode.c.objc; path = BRLoginTextField.m; sourceTree = "<group>"; };
		8C7B70C01D992508008C3A50 /* UITextField+BRTextField.h */ = {isa = PBXFileReference; fileEncoding = 4; lastKnownFileType = sourcecode.c.h; path = "UITextField+BRTextField.h"; sourceTree = "<group>"; };
		8C7B70C11D992508008C3A50 /* UITextField+BRTextField.m */ = {isa = PBXFileReference; fileEncoding = 4; lastKnownFileType = sourcecode.c.objc; path = "UITextField+BRTextField.m"; sourceTree = "<group>"; };
		8C8949DE1D98FA3E0039145D /* BRMainheader.h */ = {isa = PBXFileReference; fileEncoding = 4; lastKnownFileType = sourcecode.c.h; path = BRMainheader.h; sourceTree = "<group>"; };
		8C8AFD1C1D93C375002086BE /* BRLoginRegisterView.h */ = {isa = PBXFileReference; fileEncoding = 4; lastKnownFileType = sourcecode.c.h; path = BRLoginRegisterView.h; sourceTree = "<group>"; };
		8C8AFD1D1D93C375002086BE /* BRLoginRegisterView.m */ = {isa = PBXFileReference; fileEncoding = 4; lastKnownFileType = sourcecode.c.objc; path = BRLoginRegisterView.m; sourceTree = "<group>"; };
		8C8AFD1F1D93C38F002086BE /* BRLoginRegisterView.xib */ = {isa = PBXFileReference; fileEncoding = 4; lastKnownFileType = file.xib; path = BRLoginRegisterView.xib; sourceTree = "<group>"; };
		8C8AFD211D9400AE002086BE /* BRShareBtnView.h */ = {isa = PBXFileReference; fileEncoding = 4; lastKnownFileType = sourcecode.c.h; path = BRShareBtnView.h; sourceTree = "<group>"; };
		8C8AFD221D9400AE002086BE /* BRShareBtnView.m */ = {isa = PBXFileReference; fileEncoding = 4; lastKnownFileType = sourcecode.c.objc; path = BRShareBtnView.m; sourceTree = "<group>"; };
		8C8AFD241D9400BB002086BE /* BRShareBtnView.xib */ = {isa = PBXFileReference; fileEncoding = 4; lastKnownFileType = file.xib; path = BRShareBtnView.xib; sourceTree = "<group>"; };
		8C945C981DAB915600B63752 /* BREssenceViewController.h */ = {isa = PBXFileReference; fileEncoding = 4; lastKnownFileType = sourcecode.c.h; path = BREssenceViewController.h; sourceTree = "<group>"; };
		8C945C991DAB915600B63752 /* BREssenceViewController.m */ = {isa = PBXFileReference; fileEncoding = 4; lastKnownFileType = sourcecode.c.objc; path = BREssenceViewController.m; sourceTree = "<group>"; };
		8C945C9B1DAB915600B63752 /* BRAllTableViewController.h */ = {isa = PBXFileReference; fileEncoding = 4; lastKnownFileType = sourcecode.c.h; path = BRAllTableViewController.h; sourceTree = "<group>"; };
		8C945C9C1DAB915600B63752 /* BRAllTableViewController.m */ = {isa = PBXFileReference; fileEncoding = 4; lastKnownFileType = sourcecode.c.objc; path = BRAllTableViewController.m; sourceTree = "<group>"; };
		8C945C9D1DAB915600B63752 /* BRJokeTableViewController.h */ = {isa = PBXFileReference; fileEncoding = 4; lastKnownFileType = sourcecode.c.h; path = BRJokeTableViewController.h; sourceTree = "<group>"; };
		8C945C9E1DAB915600B63752 /* BRJokeTableViewController.m */ = {isa = PBXFileReference; fileEncoding = 4; lastKnownFileType = sourcecode.c.objc; path = BRJokeTableViewController.m; sourceTree = "<group>"; };
		8C945C9F1DAB915600B63752 /* BRPhotoTableViewController.h */ = {isa = PBXFileReference; fileEncoding = 4; lastKnownFileType = sourcecode.c.h; path = BRPhotoTableViewController.h; sourceTree = "<group>"; };
		8C945CA01DAB915600B63752 /* BRPhotoTableViewController.m */ = {isa = PBXFileReference; fileEncoding = 4; lastKnownFileType = sourcecode.c.objc; path = BRPhotoTableViewController.m; sourceTree = "<group>"; };
		8C945CA11DAB915600B63752 /* BRSoundTableViewController.h */ = {isa = PBXFileReference; fileEncoding = 4; lastKnownFileType = sourcecode.c.h; path = BRSoundTableViewController.h; sourceTree = "<group>"; };
		8C945CA21DAB915600B63752 /* BRSoundTableViewController.m */ = {isa = PBXFileReference; fileEncoding = 4; lastKnownFileType = sourcecode.c.objc; path = BRSoundTableViewController.m; sourceTree = "<group>"; };
		8C945CA31DAB915600B63752 /* BRVideoTableViewController.h */ = {isa = PBXFileReference; fileEncoding = 4; lastKnownFileType = sourcecode.c.h; path = BRVideoTableViewController.h; sourceTree = "<group>"; };
		8C945CA41DAB915600B63752 /* BRVideoTableViewController.m */ = {isa = PBXFileReference; fileEncoding = 4; lastKnownFileType = sourcecode.c.objc; path = BRVideoTableViewController.m; sourceTree = "<group>"; };
		8C945CAF1DAB918600B63752 /* BREssence_Header.h */ = {isa = PBXFileReference; fileEncoding = 4; lastKnownFileType = sourcecode.c.h; path = BREssence_Header.h; sourceTree = "<group>"; };
		8C945CB01DABA54C00B63752 /* BRBaseTableViewController.h */ = {isa = PBXFileReference; fileEncoding = 4; lastKnownFileType = sourcecode.c.h; path = BRBaseTableViewController.h; sourceTree = "<group>"; };
		8C945CB11DABA54C00B63752 /* BRBaseTableViewController.m */ = {isa = PBXFileReference; fileEncoding = 4; lastKnownFileType = sourcecode.c.objc; path = BRBaseTableViewController.m; sourceTree = "<group>"; };
		8CCB7D2F1D9B51D100A2081C /* BRMeViewController.storyboard */ = {isa = PBXFileReference; fileEncoding = 4; lastKnownFileType = file.storyboard; path = BRMeViewController.storyboard; sourceTree = "<group>"; };
		8CD25E321D9B8F0D00AB1CD4 /* BRMeSquareListModel.h */ = {isa = PBXFileReference; fileEncoding = 4; lastKnownFileType = sourcecode.c.h; path = BRMeSquareListModel.h; sourceTree = "<group>"; };
		8CD25E331D9B8F0D00AB1CD4 /* BRMeSquareListModel.m */ = {isa = PBXFileReference; fileEncoding = 4; lastKnownFileType = sourcecode.c.objc; path = BRMeSquareListModel.m; sourceTree = "<group>"; };
		8CD57D301D9E4A340008AFDB /* BRFileTools.h */ = {isa = PBXFileReference; fileEncoding = 4; lastKnownFileType = sourcecode.c.h; path = BRFileTools.h; sourceTree = "<group>"; };
		8CD57D311D9E4A340008AFDB /* BRFileTools.m */ = {isa = PBXFileReference; fileEncoding = 4; lastKnownFileType = sourcecode.c.objc; path = BRFileTools.m; sourceTree = "<group>"; };
		8CDF3BF01D91044C00A6D3EF /* BRSubTagViewCell.h */ = {isa = PBXFileReference; fileEncoding = 4; lastKnownFileType = sourcecode.c.h; path = BRSubTagViewCell.h; sourceTree = "<group>"; };
		8CDF3BF11D91044C00A6D3EF /* BRSubTagViewCell.m */ = {isa = PBXFileReference; fileEncoding = 4; lastKnownFileType = sourcecode.c.objc; path = BRSubTagViewCell.m; sourceTree = "<group>"; };
		8CDF3BF21D91044C00A6D3EF /* BRSubTagViewCell.xib */ = {isa = PBXFileReference; fileEncoding = 4; lastKnownFileType = file.xib; path = BRSubTagViewCell.xib; sourceTree = "<group>"; };
		8CDF3BF81D91314200A6D3EF /* UIImage+BRCategory.h */ = {isa = PBXFileReference; fileEncoding = 4; lastKnownFileType = sourcecode.c.h; path = "UIImage+BRCategory.h"; sourceTree = "<group>"; };
		8CDF3BF91D91314200A6D3EF /* UIImage+BRCategory.m */ = {isa = PBXFileReference; fileEncoding = 4; lastKnownFileType = sourcecode.c.objc; path = "UIImage+BRCategory.m"; sourceTree = "<group>"; };
		8CE7BAA21D8E77DE00DDED24 /* BRAdViewController.h */ = {isa = PBXFileReference; fileEncoding = 4; lastKnownFileType = sourcecode.c.h; path = BRAdViewController.h; sourceTree = "<group>"; };
		8CE7BAA31D8E77DE00DDED24 /* BRAdViewController.m */ = {isa = PBXFileReference; fileEncoding = 4; lastKnownFileType = sourcecode.c.objc; path = BRAdViewController.m; sourceTree = "<group>"; };
		8CE7BAA41D8E77DE00DDED24 /* BRAdViewController.xib */ = {isa = PBXFileReference; fileEncoding = 4; lastKnownFileType = file.xib; path = BRAdViewController.xib; sourceTree = "<group>"; };
		8CE7BABA1D8E939D00DDED24 /* LaunchImage-568h@2x.png */ = {isa = PBXFileReference; lastKnownFileType = image.png; path = "LaunchImage-568h@2x.png"; sourceTree = "<group>"; };
		8CE7BABB1D8E939D00DDED24 /* LaunchImage-700-568h@2x.png */ = {isa = PBXFileReference; lastKnownFileType = image.png; path = "LaunchImage-700-568h@2x.png"; sourceTree = "<group>"; };
		8CE7BABC1D8E939D00DDED24 /* LaunchImage-700@2x.png */ = {isa = PBXFileReference; lastKnownFileType = image.png; path = "LaunchImage-700@2x.png"; sourceTree = "<group>"; };
		8CE7BABD1D8E939D00DDED24 /* LaunchImage-800-667h@2x.png */ = {isa = PBXFileReference; lastKnownFileType = image.png; path = "LaunchImage-800-667h@2x.png"; sourceTree = "<group>"; };
		8CE7BABE1D8E939D00DDED24 /* LaunchImage-800-Portrait-736h@3x.png */ = {isa = PBXFileReference; lastKnownFileType = image.png; path = "LaunchImage-800-Portrait-736h@3x.png"; sourceTree = "<group>"; };
		8CE7BABF1D8E939D00DDED24 /* LaunchImage.png */ = {isa = PBXFileReference; lastKnownFileType = image.png; path = LaunchImage.png; sourceTree = "<group>"; };
		8CE7BAC01D8E939D00DDED24 /* LaunchImage@2x.png */ = {isa = PBXFileReference; lastKnownFileType = image.png; path = "LaunchImage@2x.png"; sourceTree = "<group>"; };
		8CE7BAC91D8E93C200DDED24 /* BuDeJie.pch */ = {isa = PBXFileReference; fileEncoding = 4; lastKnownFileType = sourcecode.c.h; path = BuDeJie.pch; sourceTree = "<group>"; };
		8CE7BACA1D8E93C200DDED24 /* BuDeJie_Header.h */ = {isa = PBXFileReference; fileEncoding = 4; lastKnownFileType = sourcecode.c.h; path = BuDeJie_Header.h; sourceTree = "<group>"; };
		8CE7BACC1D8E93C200DDED24 /* BRGlobalConstants.h */ = {isa = PBXFileReference; fileEncoding = 4; lastKnownFileType = sourcecode.c.h; path = BRGlobalConstants.h; sourceTree = "<group>"; };
		8CE7BACD1D8E93C200DDED24 /* BRGlobalConstants.m */ = {isa = PBXFileReference; fileEncoding = 4; lastKnownFileType = sourcecode.c.objc; path = BRGlobalConstants.m; sourceTree = "<group>"; };
		8CE7BAD21D8F76F200DDED24 /* BRNetTools.h */ = {isa = PBXFileReference; fileEncoding = 4; lastKnownFileType = sourcecode.c.h; path = BRNetTools.h; sourceTree = "<group>"; };
		8CE7BAD31D8F76F200DDED24 /* BRNetTools.m */ = {isa = PBXFileReference; fileEncoding = 4; lastKnownFileType = sourcecode.c.objc; path = BRNetTools.m; sourceTree = "<group>"; };
		8CEB67DB1D8FE5C600DEC374 /* BRSubTagViewController.h */ = {isa = PBXFileReference; fileEncoding = 4; lastKnownFileType = sourcecode.c.h; path = BRSubTagViewController.h; sourceTree = "<group>"; };
		8CEB67DC1D8FE5C600DEC374 /* BRSubTagViewController.m */ = {isa = PBXFileReference; fileEncoding = 4; lastKnownFileType = sourcecode.c.objc; path = BRSubTagViewController.m; sourceTree = "<group>"; };
		8CEB67DE1D90C9C900DEC374 /* BRSubTagModel.h */ = {isa = PBXFileReference; fileEncoding = 4; lastKnownFileType = sourcecode.c.h; path = BRSubTagModel.h; sourceTree = "<group>"; };
		8CEB67DF1D90C9C900DEC374 /* BRSubTagModel.m */ = {isa = PBXFileReference; fileEncoding = 4; lastKnownFileType = sourcecode.c.objc; path = BRSubTagModel.m; sourceTree = "<group>"; };
/* End PBXFileReference section */

/* Begin PBXFrameworksBuildPhase section */
		8C36191B1D865A2F005036B2 /* Frameworks */ = {
			isa = PBXFrameworksBuildPhase;
			buildActionMask = 2147483647;
			files = (
				8C6B1E861D9BC4A300B1DD06 /* WebKit.framework in Frameworks */,
				5258B45F8963D61B80F7E1E3 /* libPods-BuDeJie.a in Frameworks */,
			);
			runOnlyForDeploymentPostprocessing = 0;
		};
/* End PBXFrameworksBuildPhase section */

/* Begin PBXGroup section */
		14B61C025D82D615E5A3FA5F /* Pods */ = {
			isa = PBXGroup;
			children = (
				038A195AE6B87508E3E09C67 /* Pods-BuDeJie.debug.xcconfig */,
				34FBB465AC3057868E684703 /* Pods-BuDeJie.release.xcconfig */,
			);
			name = Pods;
			sourceTree = "<group>";
		};
		8C0AA7771D8FB1B2002CB37C /* header */ = {
			isa = PBXGroup;
			children = (
				8C0AA7781D8FB1D0002CB37C /* Advertisement_Header.h */,
			);
			path = header;
			sourceTree = "<group>";
		};
		8C3619151D865A2F005036B2 = {
			isa = PBXGroup;
			children = (
				8C3619201D865A2F005036B2 /* BuDeJie */,
				8C36191F1D865A2F005036B2 /* Products */,
				14B61C025D82D615E5A3FA5F /* Pods */,
				FF2E39524A0F7FA03A49A7B8 /* Frameworks */,
			);
			sourceTree = "<group>";
		};
		8C36191F1D865A2F005036B2 /* Products */ = {
			isa = PBXGroup;
			children = (
				8C36191E1D865A2F005036B2 /* BuDeJie.app */,
			);
			name = Products;
			sourceTree = "<group>";
		};
		8C3619201D865A2F005036B2 /* BuDeJie */ = {
			isa = PBXGroup;
			children = (
				8C3649CA1D869253006973E5 /* Classes */,
				8C36192D1D865A2F005036B2 /* Assets.xcassets */,
				8C3619321D865A2F005036B2 /* Info.plist */,
				8C3619211D865A2F005036B2 /* Supporting Files */,
			);
			path = BuDeJie;
			sourceTree = "<group>";
		};
		8C3619211D865A2F005036B2 /* Supporting Files */ = {
			isa = PBXGroup;
			children = (
				8CE7BAB81D8E939D00DDED24 /* Resoureces */,
				8CE7BAC81D8E93C200DDED24 /* Header */,
				8C3649DE1D869253006973E5 /* main.m */,
				8C36192F1D865A2F005036B2 /* LaunchScreen.storyboard */,
			);
			name = "Supporting Files";
			sourceTree = "<group>";
		};
		8C3649CA1D869253006973E5 /* Classes */ = {
			isa = PBXGroup;
			children = (
				8C3649FB1D87E505006973E5 /* Main */,
				8CFE44C81D8E776A001A4ECB /* Advertisement(广告) */,
				8C945C961DAB915600B63752 /* Essence(精华) */,
				8C3649D71D869253006973E5 /* New(新帖) */,
				8C3649DF1D869253006973E5 /* Publish(发布) */,
				8C3649CF1D869253006973E5 /* FriendTrend(关注) */,
				8C3649D31D869253006973E5 /* Me(我) */,
				8C3649DB1D869253006973E5 /* Other */,
			);
			path = Classes;
			sourceTree = "<group>";
		};
		8C3649CF1D869253006973E5 /* FriendTrend(关注) */ = {
			isa = PBXGroup;
			children = (
				8C3649D01D869253006973E5 /* Controller */,
				8C3649D11D869253006973E5 /* Model */,
				8C3649D21D869253006973E5 /* View */,
			);
			path = "FriendTrend(关注)";
			sourceTree = "<group>";
		};
		8C3649D01D869253006973E5 /* Controller */ = {
			isa = PBXGroup;
			children = (
				8C3649EB1D869530006973E5 /* BRFriendTrendViewController.h */,
				8C3649EC1D869530006973E5 /* BRFriendTrendViewController.m */,
				8C05F2431D915A7B0045E4CF /* BRFriendTrendViewController.xib */,
				8C05F2471D9163FE0045E4CF /* 235113-151224091S119.jpg */,
				8C02B8241D9219EC00B7F55C /* BRLoginRegisterViewController.h */,
				8C02B8251D9219EC00B7F55C /* BRLoginRegisterViewController.m */,
				8C02B8261D9219EC00B7F55C /* BRLoginRegisterViewController.xib */,
			);
			path = Controller;
			sourceTree = "<group>";
		};
		8C3649D11D869253006973E5 /* Model */ = {
			isa = PBXGroup;
			children = (
			);
			path = Model;
			sourceTree = "<group>";
		};
		8C3649D21D869253006973E5 /* View */ = {
			isa = PBXGroup;
			children = (
				8C8AFD1C1D93C375002086BE /* BRLoginRegisterView.h */,
				8C8AFD1D1D93C375002086BE /* BRLoginRegisterView.m */,
				8C8AFD1F1D93C38F002086BE /* BRLoginRegisterView.xib */,
				8C8AFD211D9400AE002086BE /* BRShareBtnView.h */,
				8C8AFD221D9400AE002086BE /* BRShareBtnView.m */,
				8C8AFD241D9400BB002086BE /* BRShareBtnView.xib */,
				8C0685481D98CD6800AA7157 /* BRShareBtn.h */,
				8C0685491D98CD6800AA7157 /* BRShareBtn.m */,
				8C7B70BA1D9924A5008C3A50 /* BRLoginTextField.h */,
				8C7B70BB1D9924A5008C3A50 /* BRLoginTextField.m */,
			);
			path = View;
			sourceTree = "<group>";
		};
		8C3649D31D869253006973E5 /* Me(我) */ = {
			isa = PBXGroup;
			children = (
				8CD25E351D9BB6B100AB1CD4 /* Header */,
				8C3649D41D869253006973E5 /* Controller */,
				8C3649D51D869253006973E5 /* Model */,
				8C3649D61D869253006973E5 /* View */,
				8C3B85E01D9CFCDB00F69DAE /* 设置 */,
			);
			path = "Me(我)";
			sourceTree = "<group>";
		};
		8C3649D41D869253006973E5 /* Controller */ = {
			isa = PBXGroup;
			children = (
				8C3649EE1D869542006973E5 /* BRMeViewController.h */,
				8C3649EF1D869542006973E5 /* BRMeViewController.m */,
				8CCB7D2F1D9B51D100A2081C /* BRMeViewController.storyboard */,
				8C6B1E801D9BC13E00B1DD06 /* BRWebViewController.h */,
				8C6B1E811D9BC13E00B1DD06 /* BRWebViewController.m */,
				8C6B1E821D9BC13E00B1DD06 /* BRWebViewController.xib */,
			);
			path = Controller;
			sourceTree = "<group>";
		};
		8C3649D51D869253006973E5 /* Model */ = {
			isa = PBXGroup;
			children = (
				8CD25E321D9B8F0D00AB1CD4 /* BRMeSquareListModel.h */,
				8CD25E331D9B8F0D00AB1CD4 /* BRMeSquareListModel.m */,
			);
			path = Model;
			sourceTree = "<group>";
		};
		8C3649D61D869253006973E5 /* View */ = {
			isa = PBXGroup;
			children = (
				8C3140931D9B5B79001C9C56 /* BRMeCollectionViewCell.h */,
				8C3140941D9B5B79001C9C56 /* BRMeCollectionViewCell.m */,
				8C3140951D9B5B79001C9C56 /* BRMeCollectionViewCell.xib */,
			);
			path = View;
			sourceTree = "<group>";
		};
		8C3649D71D869253006973E5 /* New(新帖) */ = {
			isa = PBXGroup;
			children = (
				8C3649D81D869253006973E5 /* Controller */,
				8C3649D91D869253006973E5 /* Model */,
				8C3649DA1D869253006973E5 /* View */,
			);
			path = "New(新帖)";
			sourceTree = "<group>";
		};
		8C3649D81D869253006973E5 /* Controller */ = {
			isa = PBXGroup;
			children = (
				8C3649F11D869555006973E5 /* BRNewViewController.h */,
				8C3649F21D869555006973E5 /* BRNewViewController.m */,
				8CEB67DB1D8FE5C600DEC374 /* BRSubTagViewController.h */,
				8CEB67DC1D8FE5C600DEC374 /* BRSubTagViewController.m */,
			);
			path = Controller;
			sourceTree = "<group>";
		};
		8C3649D91D869253006973E5 /* Model */ = {
			isa = PBXGroup;
			children = (
				8CEB67DE1D90C9C900DEC374 /* BRSubTagModel.h */,
				8CEB67DF1D90C9C900DEC374 /* BRSubTagModel.m */,
			);
			path = Model;
			sourceTree = "<group>";
		};
		8C3649DA1D869253006973E5 /* View */ = {
			isa = PBXGroup;
			children = (
				8CDF3BF01D91044C00A6D3EF /* BRSubTagViewCell.h */,
				8CDF3BF11D91044C00A6D3EF /* BRSubTagViewCell.m */,
				8CDF3BF21D91044C00A6D3EF /* BRSubTagViewCell.xib */,
			);
			path = View;
			sourceTree = "<group>";
		};
		8C3649DB1D869253006973E5 /* Other */ = {
			isa = PBXGroup;
			children = (
				8C364A071D881C4A006973E5 /* Category */,
				8C364A081D881C57006973E5 /* Tools */,
				8C3649DC1D869253006973E5 /* AppDelegate.h */,
				8C3649DD1D869253006973E5 /* AppDelegate.m */,
				8C3649E51D869435006973E5 /* BRBaseViewController.h */,
				8C3649E61D869435006973E5 /* BRBaseViewController.m */,
				8C945CB01DABA54C00B63752 /* BRBaseTableViewController.h */,
				8C945CB11DABA54C00B63752 /* BRBaseTableViewController.m */,
			);
			path = Other;
			sourceTree = "<group>";
		};
		8C3649DF1D869253006973E5 /* Publish(发布) */ = {
			isa = PBXGroup;
			children = (
				8C3649E01D869253006973E5 /* Controller */,
				8C3649E11D869253006973E5 /* Model */,
				8C3649E21D869253006973E5 /* View */,
			);
			path = "Publish(发布)";
			sourceTree = "<group>";
		};
		8C3649E01D869253006973E5 /* Controller */ = {
			isa = PBXGroup;
			children = (
				8C3649F41D869575006973E5 /* BRPublishViewController.h */,
				8C3649F51D869575006973E5 /* BRPublishViewController.m */,
			);
			path = Controller;
			sourceTree = "<group>";
		};
		8C3649E11D869253006973E5 /* Model */ = {
			isa = PBXGroup;
			children = (
			);
			path = Model;
			sourceTree = "<group>";
		};
		8C3649E21D869253006973E5 /* View */ = {
			isa = PBXGroup;
			children = (
			);
			path = View;
			sourceTree = "<group>";
		};
		8C3649FB1D87E505006973E5 /* Main */ = {
			isa = PBXGroup;
			children = (
				8C8949DD1D98FA2C0039145D /* Header */,
				8C3649FC1D87E505006973E5 /* Controller */,
				8C3649FF1D87E505006973E5 /* Model */,
				8C364A001D87E505006973E5 /* View */,
			);
			path = Main;
			sourceTree = "<group>";
		};
		8C3649FC1D87E505006973E5 /* Controller */ = {
			isa = PBXGroup;
			children = (
				8C3649FD1D87E505006973E5 /* BRMainViewController.h */,
				8C3649FE1D87E505006973E5 /* BRMainViewController.m */,
				8C05AD161D8927A300D1E113 /* BRNavigationController.h */,
				8C05AD171D8927A300D1E113 /* BRNavigationController.m */,
			);
			path = Controller;
			sourceTree = "<group>";
		};
		8C3649FF1D87E505006973E5 /* Model */ = {
			isa = PBXGroup;
			children = (
			);
			path = Model;
			sourceTree = "<group>";
		};
		8C364A001D87E505006973E5 /* View */ = {
			isa = PBXGroup;
			children = (
				8C364A021D87EC32006973E5 /* BRTabBar.h */,
				8C364A031D87EC32006973E5 /* BRTabBar.m */,
			);
			path = View;
			sourceTree = "<group>";
		};
		8C364A071D881C4A006973E5 /* Category */ = {
			isa = PBXGroup;
			children = (
				8C364A091D881D19006973E5 /* UIView+Extension.h */,
				8C364A0A1D881D19006973E5 /* UIView+Extension.m */,
				8C364A111D88EB43006973E5 /* UIBarButtonItem+BRBarButtonItem.h */,
				8C364A121D88EB43006973E5 /* UIBarButtonItem+BRBarButtonItem.m */,
				8CDF3BF81D91314200A6D3EF /* UIImage+BRCategory.h */,
				8CDF3BF91D91314200A6D3EF /* UIImage+BRCategory.m */,
				8C7B70C01D992508008C3A50 /* UITextField+BRTextField.h */,
				8C7B70C11D992508008C3A50 /* UITextField+BRTextField.m */,
			);
			path = Category;
			sourceTree = "<group>";
		};
		8C364A081D881C57006973E5 /* Tools */ = {
			isa = PBXGroup;
			children = (
				8CE7BAD21D8F76F200DDED24 /* BRNetTools.h */,
				8CE7BAD31D8F76F200DDED24 /* BRNetTools.m */,
				8CD57D301D9E4A340008AFDB /* BRFileTools.h */,
				8CD57D311D9E4A340008AFDB /* BRFileTools.m */,
			);
			path = Tools;
			sourceTree = "<group>";
		};
		8C3B85E01D9CFCDB00F69DAE /* 设置 */ = {
			isa = PBXGroup;
			children = (
				8C3B85E11D9CFCDB00F69DAE /* Controller */,
				8C3B85E41D9CFCDB00F69DAE /* Model */,
				8C3B85E51D9CFCDB00F69DAE /* View */,
			);
			path = "设置";
			sourceTree = "<group>";
		};
		8C3B85E11D9CFCDB00F69DAE /* Controller */ = {
			isa = PBXGroup;
			children = (
				8C3B85E21D9CFCDB00F69DAE /* BRSettingViewController.h */,
				8C3B85E31D9CFCDB00F69DAE /* BRSettingViewController.m */,
				8C3B85E71D9CFCFE00F69DAE /* BRSettingViewController.storyboard */,
			);
			path = Controller;
			sourceTree = "<group>";
		};
		8C3B85E41D9CFCDB00F69DAE /* Model */ = {
			isa = PBXGroup;
			children = (
			);
			path = Model;
			sourceTree = "<group>";
		};
		8C3B85E51D9CFCDB00F69DAE /* View */ = {
			isa = PBXGroup;
			children = (
			);
			path = View;
			sourceTree = "<group>";
		};
		8C8949DD1D98FA2C0039145D /* Header */ = {
			isa = PBXGroup;
			children = (
				8C8949DE1D98FA3E0039145D /* BRMainheader.h */,
			);
			path = Header;
			sourceTree = "<group>";
		};
		8C945C961DAB915600B63752 /* Essence(精华) */ = {
			isa = PBXGroup;
			children = (
				8C945C971DAB915600B63752 /* Controller */,
				8C945CA51DAB915600B63752 /* header */,
				8C945CA71DAB915600B63752 /* Model */,
				8C945CA81DAB915600B63752 /* View */,
			);
			path = "Essence(精华)";
			sourceTree = "<group>";
		};
		8C945C971DAB915600B63752 /* Controller */ = {
			isa = PBXGroup;
			children = (
				8C945C981DAB915600B63752 /* BREssenceViewController.h */,
				8C945C991DAB915600B63752 /* BREssenceViewController.m */,
				8C945C9A1DAB915600B63752 /* ChildController */,
			);
			path = Controller;
			sourceTree = "<group>";
		};
		8C945C9A1DAB915600B63752 /* ChildController */ = {
			isa = PBXGroup;
			children = (
				8C945C9B1DAB915600B63752 /* BRAllTableViewController.h */,
				8C945C9C1DAB915600B63752 /* BRAllTableViewController.m */,
				8C945CA31DAB915600B63752 /* BRVideoTableViewController.h */,
				8C945CA41DAB915600B63752 /* BRVideoTableViewController.m */,
				8C945C9D1DAB915600B63752 /* BRJokeTableViewController.h */,
				8C945C9E1DAB915600B63752 /* BRJokeTableViewController.m */,
				8C945C9F1DAB915600B63752 /* BRPhotoTableViewController.h */,
				8C945CA01DAB915600B63752 /* BRPhotoTableViewController.m */,
				8C945CA11DAB915600B63752 /* BRSoundTableViewController.h */,
				8C945CA21DAB915600B63752 /* BRSoundTableViewController.m */,
			);
			path = ChildController;
			sourceTree = "<group>";
		};
		8C945CA51DAB915600B63752 /* header */ = {
			isa = PBXGroup;
			children = (
				8C945CAF1DAB918600B63752 /* BREssence_Header.h */,
			);
			path = header;
			sourceTree = "<group>";
		};
		8C945CA71DAB915600B63752 /* Model */ = {
			isa = PBXGroup;
			children = (
			);
			path = Model;
			sourceTree = "<group>";
		};
		8C945CA81DAB915600B63752 /* View */ = {
			isa = PBXGroup;
			children = (
			);
			path = View;
			sourceTree = "<group>";
		};
		8CD25E351D9BB6B100AB1CD4 /* Header */ = {
			isa = PBXGroup;
			children = (
				8C6B1E7F1D9BB8C900B1DD06 /* BRMeHeader.h */,
			);
			path = Header;
			sourceTree = "<group>";
		};
		8CE7BAB81D8E939D00DDED24 /* Resoureces */ = {
			isa = PBXGroup;
			children = (
				8CE7BAB91D8E939D00DDED24 /* 启动图片 */,
			);
			path = Resoureces;
			sourceTree = "<group>";
		};
		8CE7BAB91D8E939D00DDED24 /* 启动图片 */ = {
			isa = PBXGroup;
			children = (
				8CE7BABA1D8E939D00DDED24 /* LaunchImage-568h@2x.png */,
				8CE7BABB1D8E939D00DDED24 /* LaunchImage-700-568h@2x.png */,
				8CE7BABC1D8E939D00DDED24 /* LaunchImage-700@2x.png */,
				8CE7BABD1D8E939D00DDED24 /* LaunchImage-800-667h@2x.png */,
				8CE7BABE1D8E939D00DDED24 /* LaunchImage-800-Portrait-736h@3x.png */,
				8CE7BABF1D8E939D00DDED24 /* LaunchImage.png */,
				8CE7BAC01D8E939D00DDED24 /* LaunchImage@2x.png */,
			);
			path = "启动图片";
			sourceTree = "<group>";
		};
		8CE7BAC81D8E93C200DDED24 /* Header */ = {
			isa = PBXGroup;
			children = (
				8CE7BAC91D8E93C200DDED24 /* BuDeJie.pch */,
				8CE7BACA1D8E93C200DDED24 /* BuDeJie_Header.h */,
				8CE7BACB1D8E93C200DDED24 /* 全局常量 */,
			);
			path = Header;
			sourceTree = "<group>";
		};
		8CE7BACB1D8E93C200DDED24 /* 全局常量 */ = {
			isa = PBXGroup;
			children = (
				8CE7BACC1D8E93C200DDED24 /* BRGlobalConstants.h */,
				8CE7BACD1D8E93C200DDED24 /* BRGlobalConstants.m */,
			);
			path = "全局常量";
			sourceTree = "<group>";
		};
		8CFE44C81D8E776A001A4ECB /* Advertisement(广告) */ = {
			isa = PBXGroup;
			children = (
				8C0AA7771D8FB1B2002CB37C /* header */,
				8CFE44C91D8E776A001A4ECB /* Controller */,
				8CFE44CD1D8E776A001A4ECB /* Model */,
				8CFE44CE1D8E776A001A4ECB /* View */,
			);
			path = "Advertisement(广告)";
			sourceTree = "<group>";
		};
		8CFE44C91D8E776A001A4ECB /* Controller */ = {
			isa = PBXGroup;
			children = (
				8CE7BAA21D8E77DE00DDED24 /* BRAdViewController.h */,
				8CE7BAA31D8E77DE00DDED24 /* BRAdViewController.m */,
				8CE7BAA41D8E77DE00DDED24 /* BRAdViewController.xib */,
			);
			path = Controller;
			sourceTree = "<group>";
		};
		8CFE44CD1D8E776A001A4ECB /* Model */ = {
			isa = PBXGroup;
			children = (
				8C0AA7741D8FB192002CB37C /* BRAdDataModel.h */,
				8C0AA7751D8FB192002CB37C /* BRAdDataModel.m */,
			);
			path = Model;
			sourceTree = "<group>";
		};
		8CFE44CE1D8E776A001A4ECB /* View */ = {
			isa = PBXGroup;
			children = (
			);
			path = View;
			sourceTree = "<group>";
		};
		FF2E39524A0F7FA03A49A7B8 /* Frameworks */ = {
			isa = PBXGroup;
			children = (
				8C6B1E851D9BC4A300B1DD06 /* WebKit.framework */,
				1273E95DCAC1EC991F9D6A9A /* libPods-BuDeJie.a */,
			);
			name = Frameworks;
			sourceTree = "<group>";
		};
/* End PBXGroup section */

/* Begin PBXNativeTarget section */
		8C36191D1D865A2F005036B2 /* BuDeJie */ = {
			isa = PBXNativeTarget;
			buildConfigurationList = 8C3619351D865A2F005036B2 /* Build configuration list for PBXNativeTarget "BuDeJie" */;
			buildPhases = (
				CADE03EE0302996E3C5CBE15 /* 📦 Check Pods Manifest.lock */,
				8C36191A1D865A2F005036B2 /* Sources */,
				8C36191B1D865A2F005036B2 /* Frameworks */,
				8C36191C1D865A2F005036B2 /* Resources */,
				C71559B1C4209CA596EC86A4 /* 📦 Embed Pods Frameworks */,
				A0C1ACE22D16B3A4BF454042 /* 📦 Copy Pods Resources */,
			);
			buildRules = (
			);
			dependencies = (
			);
			name = BuDeJie;
			productName = BuDeJie;
			productReference = 8C36191E1D865A2F005036B2 /* BuDeJie.app */;
			productType = "com.apple.product-type.application";
		};
/* End PBXNativeTarget section */

/* Begin PBXProject section */
		8C3619161D865A2F005036B2 /* Project object */ = {
			isa = PBXProject;
			attributes = {
				CLASSPREFIX = BR;
				LastUpgradeCheck = 0730;
				ORGANIZATIONNAME = "熊欣";
				TargetAttributes = {
					8C36191D1D865A2F005036B2 = {
						CreatedOnToolsVersion = 7.3;
						DevelopmentTeam = 96G863BQAJ;
					};
				};
			};
			buildConfigurationList = 8C3619191D865A2F005036B2 /* Build configuration list for PBXProject "BuDeJie" */;
			compatibilityVersion = "Xcode 3.2";
			developmentRegion = English;
			hasScannedForEncodings = 0;
			knownRegions = (
				en,
				Base,
			);
			mainGroup = 8C3619151D865A2F005036B2;
			productRefGroup = 8C36191F1D865A2F005036B2 /* Products */;
			projectDirPath = "";
			projectRoot = "";
			targets = (
				8C36191D1D865A2F005036B2 /* BuDeJie */,
			);
		};
/* End PBXProject section */

/* Begin PBXResourcesBuildPhase section */
		8C36191C1D865A2F005036B2 /* Resources */ = {
			isa = PBXResourcesBuildPhase;
			buildActionMask = 2147483647;
			files = (
				8CDF3BF41D91044C00A6D3EF /* BRSubTagViewCell.xib in Resources */,
				8C3619311D865A2F005036B2 /* LaunchScreen.storyboard in Resources */,
				8C05F2481D9163FE0045E4CF /* 235113-151224091S119.jpg in Resources */,
				8CCB7D301D9B51D100A2081C /* BRMeViewController.storyboard in Resources */,
				8C8AFD201D93C38F002086BE /* BRLoginRegisterView.xib in Resources */,
				8CE7BAC21D8E939D00DDED24 /* LaunchImage-700-568h@2x.png in Resources */,
				8CE7BAC61D8E939D00DDED24 /* LaunchImage.png in Resources */,
				8C02B8281D9219EC00B7F55C /* BRLoginRegisterViewController.xib in Resources */,
				8C36192E1D865A2F005036B2 /* Assets.xcassets in Resources */,
				8CE7BAC31D8E939D00DDED24 /* LaunchImage-700@2x.png in Resources */,
				8C8AFD251D9400BB002086BE /* BRShareBtnView.xib in Resources */,
				8CE7BAC51D8E939D00DDED24 /* LaunchImage-800-Portrait-736h@3x.png in Resources */,
				8C3140971D9B5B79001C9C56 /* BRMeCollectionViewCell.xib in Resources */,
				8CE7BAC11D8E939D00DDED24 /* LaunchImage-568h@2x.png in Resources */,
				8C3B85E81D9CFCFE00F69DAE /* BRSettingViewController.storyboard in Resources */,
				8C05F2441D915A7B0045E4CF /* BRFriendTrendViewController.xib in Resources */,
				8CE7BAC41D8E939D00DDED24 /* LaunchImage-800-667h@2x.png in Resources */,
				8C6B1E841D9BC13E00B1DD06 /* BRWebViewController.xib in Resources */,
				8CE7BAA61D8E77DE00DDED24 /* BRAdViewController.xib in Resources */,
				8CE7BAC71D8E939D00DDED24 /* LaunchImage@2x.png in Resources */,
			);
			runOnlyForDeploymentPostprocessing = 0;
		};
/* End PBXResourcesBuildPhase section */

/* Begin PBXShellScriptBuildPhase section */
		A0C1ACE22D16B3A4BF454042 /* 📦 Copy Pods Resources */ = {
			isa = PBXShellScriptBuildPhase;
			buildActionMask = 2147483647;
			files = (
			);
			inputPaths = (
			);
			name = "📦 Copy Pods Resources";
			outputPaths = (
			);
			runOnlyForDeploymentPostprocessing = 0;
			shellPath = /bin/sh;
			shellScript = "\"${SRCROOT}/Pods/Target Support Files/Pods-BuDeJie/Pods-BuDeJie-resources.sh\"\n";
			showEnvVarsInLog = 0;
		};
		C71559B1C4209CA596EC86A4 /* 📦 Embed Pods Frameworks */ = {
			isa = PBXShellScriptBuildPhase;
			buildActionMask = 2147483647;
			files = (
			);
			inputPaths = (
			);
			name = "📦 Embed Pods Frameworks";
			outputPaths = (
			);
			runOnlyForDeploymentPostprocessing = 0;
			shellPath = /bin/sh;
			shellScript = "\"${SRCROOT}/Pods/Target Support Files/Pods-BuDeJie/Pods-BuDeJie-frameworks.sh\"\n";
			showEnvVarsInLog = 0;
		};
		CADE03EE0302996E3C5CBE15 /* 📦 Check Pods Manifest.lock */ = {
			isa = PBXShellScriptBuildPhase;
			buildActionMask = 2147483647;
			files = (
			);
			inputPaths = (
			);
			name = "📦 Check Pods Manifest.lock";
			outputPaths = (
			);
			runOnlyForDeploymentPostprocessing = 0;
			shellPath = /bin/sh;
			shellScript = "diff \"${PODS_ROOT}/../Podfile.lock\" \"${PODS_ROOT}/Manifest.lock\" > /dev/null\nif [[ $? != 0 ]] ; then\n    cat << EOM\nerror: The sandbox is not in sync with the Podfile.lock. Run 'pod install' or update your CocoaPods installation.\nEOM\n    exit 1\nfi\n";
			showEnvVarsInLog = 0;
		};
/* End PBXShellScriptBuildPhase section */

/* Begin PBXSourcesBuildPhase section */
		8C36191A1D865A2F005036B2 /* Sources */ = {
			isa = PBXSourcesBuildPhase;
			buildActionMask = 2147483647;
			files = (
				8C945CB21DABA54C00B63752 /* BRBaseTableViewController.m in Sources */,
				8CE7BACE1D8E93C200DDED24 /* BRGlobalConstants.m in Sources */,
				8C3649F01D869542006973E5 /* BRMeViewController.m in Sources */,
				8C3649F31D869555006973E5 /* BRNewViewController.m in Sources */,
				8C945CAA1DAB915600B63752 /* BRAllTableViewController.m in Sources */,
				8C364A0B1D881D19006973E5 /* UIView+Extension.m in Sources */,
				8C3649ED1D869530006973E5 /* BRFriendTrendViewController.m in Sources */,
				8C364A011D87E505006973E5 /* BRMainViewController.m in Sources */,
				8C8AFD231D9400AE002086BE /* BRShareBtnView.m in Sources */,
				8CE7BAD41D8F76F200DDED24 /* BRNetTools.m in Sources */,
				8C0AA7761D8FB192002CB37C /* BRAdDataModel.m in Sources */,
				8CEB67E01D90C9C900DEC374 /* BRSubTagModel.m in Sources */,
				8C3649E41D869253006973E5 /* main.m in Sources */,
				8CEB67DD1D8FE5C600DEC374 /* BRSubTagViewController.m in Sources */,
				8CE7BAA51D8E77DE00DDED24 /* BRAdViewController.m in Sources */,
				8C945CA91DAB915600B63752 /* BREssenceViewController.m in Sources */,
				8C945CAC1DAB915600B63752 /* BRPhotoTableViewController.m in Sources */,
				8CD57D321D9E4A340008AFDB /* BRFileTools.m in Sources */,
				8C945CAE1DAB915600B63752 /* BRVideoTableViewController.m in Sources */,
				8C8AFD1E1D93C375002086BE /* BRLoginRegisterView.m in Sources */,
				8CDF3BF31D91044C00A6D3EF /* BRSubTagViewCell.m in Sources */,
				8C02B8271D9219EC00B7F55C /* BRLoginRegisterViewController.m in Sources */,
				8C364A131D88EB43006973E5 /* UIBarButtonItem+BRBarButtonItem.m in Sources */,
				8C3649E31D869253006973E5 /* AppDelegate.m in Sources */,
				8C3B85E61D9CFCDB00F69DAE /* BRSettingViewController.m in Sources */,
				8C945CAD1DAB915600B63752 /* BRSoundTableViewController.m in Sources */,
				8C05AD181D8927A300D1E113 /* BRNavigationController.m in Sources */,
				8C7B70BC1D9924A5008C3A50 /* BRLoginTextField.m in Sources */,
				8C3140961D9B5B79001C9C56 /* BRMeCollectionViewCell.m in Sources */,
				8C3649F61D869575006973E5 /* BRPublishViewController.m in Sources */,
				8C3649E71D869435006973E5 /* BRBaseViewController.m in Sources */,
				8C364A041D87EC33006973E5 /* BRTabBar.m in Sources */,
				8C945CAB1DAB915600B63752 /* BRJokeTableViewController.m in Sources */,
				8C6B1E831D9BC13E00B1DD06 /* BRWebViewController.m in Sources */,
				8C06854A1D98CD6800AA7157 /* BRShareBtn.m in Sources */,
				8CDF3BFA1D91314200A6D3EF /* UIImage+BRCategory.m in Sources */,
				8CD25E341D9B8F0D00AB1CD4 /* BRMeSquareListModel.m in Sources */,
				8C7B70C21D992508008C3A50 /* UITextField+BRTextField.m in Sources */,
			);
			runOnlyForDeploymentPostprocessing = 0;
		};
/* End PBXSourcesBuildPhase section */

/* Begin PBXVariantGroup section */
		8C36192F1D865A2F005036B2 /* LaunchScreen.storyboard */ = {
			isa = PBXVariantGroup;
			children = (
				8C3619301D865A2F005036B2 /* Base */,
			);
			name = LaunchScreen.storyboard;
			sourceTree = "<group>";
		};
/* End PBXVariantGroup section */

/* Begin XCBuildConfiguration section */
		8C3619331D865A2F005036B2 /* Debug */ = {
			isa = XCBuildConfiguration;
			buildSettings = {
				ALWAYS_SEARCH_USER_PATHS = NO;
				CLANG_ANALYZER_NONNULL = YES;
				CLANG_CXX_LANGUAGE_STANDARD = "gnu++0x";
				CLANG_CXX_LIBRARY = "libc++";
				CLANG_ENABLE_MODULES = YES;
				CLANG_ENABLE_OBJC_ARC = YES;
				CLANG_WARN_BOOL_CONVERSION = YES;
				CLANG_WARN_CONSTANT_CONVERSION = YES;
				CLANG_WARN_DIRECT_OBJC_ISA_USAGE = YES_ERROR;
				CLANG_WARN_EMPTY_BODY = YES;
				CLANG_WARN_ENUM_CONVERSION = YES;
				CLANG_WARN_INT_CONVERSION = YES;
				CLANG_WARN_OBJC_ROOT_CLASS = YES_ERROR;
				CLANG_WARN_UNREACHABLE_CODE = YES;
				CLANG_WARN__DUPLICATE_METHOD_MATCH = YES;
				"CODE_SIGN_IDENTITY[sdk=iphoneos*]" = "iPhone Developer";
				COPY_PHASE_STRIP = NO;
				DEBUG_INFORMATION_FORMAT = dwarf;
				ENABLE_STRICT_OBJC_MSGSEND = YES;
				ENABLE_TESTABILITY = YES;
				GCC_C_LANGUAGE_STANDARD = gnu99;
				GCC_DYNAMIC_NO_PIC = NO;
				GCC_NO_COMMON_BLOCKS = YES;
				GCC_OPTIMIZATION_LEVEL = 0;
				GCC_PREPROCESSOR_DEFINITIONS = (
					"DEBUG=1",
					"$(inherited)",
				);
				GCC_WARN_64_TO_32_BIT_CONVERSION = YES;
				GCC_WARN_ABOUT_RETURN_TYPE = YES_ERROR;
				GCC_WARN_UNDECLARED_SELECTOR = YES;
				GCC_WARN_UNINITIALIZED_AUTOS = YES_AGGRESSIVE;
				GCC_WARN_UNUSED_FUNCTION = YES;
				GCC_WARN_UNUSED_VARIABLE = YES;
				IPHONEOS_DEPLOYMENT_TARGET = 9.3;
				MTL_ENABLE_DEBUG_INFO = YES;
				ONLY_ACTIVE_ARCH = YES;
				SDKROOT = iphoneos;
			};
			name = Debug;
		};
		8C3619341D865A2F005036B2 /* Release */ = {
			isa = XCBuildConfiguration;
			buildSettings = {
				ALWAYS_SEARCH_USER_PATHS = NO;
				CLANG_ANALYZER_NONNULL = YES;
				CLANG_CXX_LANGUAGE_STANDARD = "gnu++0x";
				CLANG_CXX_LIBRARY = "libc++";
				CLANG_ENABLE_MODULES = YES;
				CLANG_ENABLE_OBJC_ARC = YES;
				CLANG_WARN_BOOL_CONVERSION = YES;
				CLANG_WARN_CONSTANT_CONVERSION = YES;
				CLANG_WARN_DIRECT_OBJC_ISA_USAGE = YES_ERROR;
				CLANG_WARN_EMPTY_BODY = YES;
				CLANG_WARN_ENUM_CONVERSION = YES;
				CLANG_WARN_INT_CONVERSION = YES;
				CLANG_WARN_OBJC_ROOT_CLASS = YES_ERROR;
				CLANG_WARN_UNREACHABLE_CODE = YES;
				CLANG_WARN__DUPLICATE_METHOD_MATCH = YES;
				"CODE_SIGN_IDENTITY[sdk=iphoneos*]" = "iPhone Developer";
				COPY_PHASE_STRIP = NO;
				DEBUG_INFORMATION_FORMAT = "dwarf-with-dsym";
				ENABLE_NS_ASSERTIONS = NO;
				ENABLE_STRICT_OBJC_MSGSEND = YES;
				GCC_C_LANGUAGE_STANDARD = gnu99;
				GCC_NO_COMMON_BLOCKS = YES;
				GCC_WARN_64_TO_32_BIT_CONVERSION = YES;
				GCC_WARN_ABOUT_RETURN_TYPE = YES_ERROR;
				GCC_WARN_UNDECLARED_SELECTOR = YES;
				GCC_WARN_UNINITIALIZED_AUTOS = YES_AGGRESSIVE;
				GCC_WARN_UNUSED_FUNCTION = YES;
				GCC_WARN_UNUSED_VARIABLE = YES;
				IPHONEOS_DEPLOYMENT_TARGET = 9.3;
				MTL_ENABLE_DEBUG_INFO = NO;
				SDKROOT = iphoneos;
				VALIDATE_PRODUCT = YES;
			};
			name = Release;
		};
		8C3619361D865A2F005036B2 /* Debug */ = {
			isa = XCBuildConfiguration;
			baseConfigurationReference = 038A195AE6B87508E3E09C67 /* Pods-BuDeJie.debug.xcconfig */;
			buildSettings = {
				ASSETCATALOG_COMPILER_APPICON_NAME = AppIcon;
				ASSETCATALOG_COMPILER_LAUNCHIMAGE_NAME = "Brand Assets";
				CODE_SIGN_IDENTITY = "iPhone Developer";
				"CODE_SIGN_IDENTITY[sdk=iphoneos*]" = "iPhone Developer";
				GCC_PREFIX_HEADER = BuDeJie/header/BuDeJie.pch;
				INFOPLIST_FILE = BuDeJie/Info.plist;
				IPHONEOS_DEPLOYMENT_TARGET = 8.0;
				LD_RUNPATH_SEARCH_PATHS = "$(inherited) @executable_path/Frameworks";
				PRODUCT_BUNDLE_IDENTIFIER = com.pateo.BuDeJie;
				PRODUCT_NAME = "$(TARGET_NAME)";
				PROVISIONING_PROFILE = "";
			};
			name = Debug;
		};
		8C3619371D865A2F005036B2 /* Release */ = {
			isa = XCBuildConfiguration;
			baseConfigurationReference = 34FBB465AC3057868E684703 /* Pods-BuDeJie.release.xcconfig */;
			buildSettings = {
				ASSETCATALOG_COMPILER_APPICON_NAME = AppIcon;
				ASSETCATALOG_COMPILER_LAUNCHIMAGE_NAME = "Brand Assets";
				CODE_SIGN_IDENTITY = "iPhone Developer";
				"CODE_SIGN_IDENTITY[sdk=iphoneos*]" = "iPhone Developer";
				GCC_PREFIX_HEADER = BuDeJie/header/BuDeJie.pch;
				INFOPLIST_FILE = BuDeJie/Info.plist;
				IPHONEOS_DEPLOYMENT_TARGET = 8.0;
				LD_RUNPATH_SEARCH_PATHS = "$(inherited) @executable_path/Frameworks";
				PRODUCT_BUNDLE_IDENTIFIER = com.pateo.BuDeJie;
				PRODUCT_NAME = "$(TARGET_NAME)";
				PROVISIONING_PROFILE = "";
			};
			name = Release;
		};
/* End XCBuildConfiguration section */

/* Begin XCConfigurationList section */
		8C3619191D865A2F005036B2 /* Build configuration list for PBXProject "BuDeJie" */ = {
			isa = XCConfigurationList;
			buildConfigurations = (
				8C3619331D865A2F005036B2 /* Debug */,
				8C3619341D865A2F005036B2 /* Release */,
			);
			defaultConfigurationIsVisible = 0;
			defaultConfigurationName = Release;
		};
		8C3619351D865A2F005036B2 /* Build configuration list for PBXNativeTarget "BuDeJie" */ = {
			isa = XCConfigurationList;
			buildConfigurations = (
				8C3619361D865A2F005036B2 /* Debug */,
				8C3619371D865A2F005036B2 /* Release */,
			);
			defaultConfigurationIsVisible = 0;
			defaultConfigurationName = Release;
		};
/* End XCConfigurationList section */
	};
	rootObject = 8C3619161D865A2F005036B2 /* Project object */;
}
